<?xml version="1.0" encoding="utf-8"?>
<Project ToolsVersion="4.0" xmlns="http://schemas.microsoft.com/developer/msbuild/2003">
  <ItemGroup>
    <Filter Include="Core">
      <UniqueIdentifier>{8ea85bbc-7a46-498e-b2fe-f794faf7df81}</UniqueIdentifier>
    </Filter>
    <Filter Include="Core\Source Files">
      <UniqueIdentifier>{6998eaa9-8b6c-4c39-95e3-9342daf32a7d}</UniqueIdentifier>
    </Filter>
    <Filter Include="Core\Header Files">
      <UniqueIdentifier>{1b6c5bc2-4526-4a26-97d2-d9dc1f024d18}</UniqueIdentifier>
    </Filter>
    <Filter Include="Streams">
      <UniqueIdentifier>{400e3148-c3cd-4c1b-8377-9355918e23c2}</UniqueIdentifier>
    </Filter>
    <Filter Include="Streams\Source Files">
      <UniqueIdentifier>{21f1c6e9-ae66-4711-bf10-21c0a5d44c6c}</UniqueIdentifier>
    </Filter>
    <Filter Include="Streams\Header Files">
      <UniqueIdentifier>{5f677e83-a54e-4d09-bed9-d11e96fff428}</UniqueIdentifier>
    </Filter>
    <Filter Include="Crypt">
      <UniqueIdentifier>{0378efdd-6fe9-4cb2-ba0c-c7cbec334ac3}</UniqueIdentifier>
    </Filter>
    <Filter Include="Crypt\Source Files">
      <UniqueIdentifier>{c3452e01-b5e7-49b2-aff0-4151d5d87f4f}</UniqueIdentifier>
    </Filter>
    <Filter Include="Crypt\Header Files">
      <UniqueIdentifier>{92bf6c3c-27d5-46b7-b19f-3675f51f2d58}</UniqueIdentifier>
    </Filter>
    <Filter Include="Notifications">
      <UniqueIdentifier>{24090714-e2fa-406b-989c-15577718bcfb}</UniqueIdentifier>
    </Filter>
    <Filter Include="Notifications\Source Files">
      <UniqueIdentifier>{7d80aae3-0b97-4e0f-a5b5-8d457d1d7358}</UniqueIdentifier>
    </Filter>
    <Filter Include="Notifications\Header Files">
      <UniqueIdentifier>{acc5b020-7895-4dcb-90da-c8d161c56d99}</UniqueIdentifier>
    </Filter>
    <Filter Include="Threading">
      <UniqueIdentifier>{230688e7-2851-49e9-849f-8fc42d99cdd3}</UniqueIdentifier>
    </Filter>
    <Filter Include="Threading\Source Files">
      <UniqueIdentifier>{ad097303-96b4-41d7-887a-940d98547de6}</UniqueIdentifier>
    </Filter>
    <Filter Include="Threading\Header Files">
      <UniqueIdentifier>{4663af12-437e-4444-a7dc-318f9f66fa99}</UniqueIdentifier>
    </Filter>
    <Filter Include="SharedLibrary">
      <UniqueIdentifier>{7aa0f973-492d-44fe-af25-16a01656ab91}</UniqueIdentifier>
    </Filter>
    <Filter Include="SharedLibrary\Source Files">
      <UniqueIdentifier>{e715c3e7-10de-4165-aaee-b18e0c4f3ba9}</UniqueIdentifier>
    </Filter>
    <Filter Include="SharedLibrary\Header Files">
      <UniqueIdentifier>{9cc4f91a-9dd7-4570-8b3b-c50d1a8a257b}</UniqueIdentifier>
    </Filter>
    <Filter Include="Logging">
      <UniqueIdentifier>{8ba555d4-86f0-4627-859c-ba85d8780aaa}</UniqueIdentifier>
    </Filter>
    <Filter Include="Logging\Source Files">
      <UniqueIdentifier>{d79f36ac-51ba-47fd-9935-24ab8e4fc0d2}</UniqueIdentifier>
    </Filter>
    <Filter Include="Logging\Header Files">
      <UniqueIdentifier>{0f5e3472-4472-4379-8edf-f1753c2ac66b}</UniqueIdentifier>
    </Filter>
    <Filter Include="Filesystem">
      <UniqueIdentifier>{dcc6c094-e196-4148-9d43-1f07df95a9c0}</UniqueIdentifier>
    </Filter>
    <Filter Include="Filesystem\Source Files">
      <UniqueIdentifier>{e024fb77-4d63-4def-af4a-22d9393901e6}</UniqueIdentifier>
    </Filter>
    <Filter Include="Filesystem\Header Files">
      <UniqueIdentifier>{831c214b-e5ea-439a-a2cf-213d8c5d2356}</UniqueIdentifier>
    </Filter>
    <Filter Include="UUID">
      <UniqueIdentifier>{4223c99e-2722-4213-82b8-f9f9ba772ba6}</UniqueIdentifier>
    </Filter>
    <Filter Include="UUID\Source Files">
      <UniqueIdentifier>{229ea2ff-df89-48cf-937e-2bc1d4d0a4a5}</UniqueIdentifier>
    </Filter>
    <Filter Include="UUID\Header Files">
      <UniqueIdentifier>{9b49d1f9-227d-4095-8d9e-a15fb4cd0e94}</UniqueIdentifier>
    </Filter>
    <Filter Include="DateTime">
      <UniqueIdentifier>{8daabe7c-5e71-4358-95f1-8226ea4abc0c}</UniqueIdentifier>
    </Filter>
    <Filter Include="DateTime\Source Files">
      <UniqueIdentifier>{4b352839-13e3-4341-82af-97f774f7ac0a}</UniqueIdentifier>
    </Filter>
    <Filter Include="DateTime\Header Files">
      <UniqueIdentifier>{539e63c7-216e-468c-b67a-efdda447c938}</UniqueIdentifier>
    </Filter>
    <Filter Include="Text">
      <UniqueIdentifier>{8d24eed1-2e40-4cc7-89fb-6eb81170d1a1}</UniqueIdentifier>
    </Filter>
    <Filter Include="Text\Source Files">
      <UniqueIdentifier>{957ee520-192d-4c9b-8a9c-a2ad2ab8afe2}</UniqueIdentifier>
    </Filter>
    <Filter Include="Text\Header Files">
      <UniqueIdentifier>{352fc3f5-50a8-4ae2-83c3-a319823428b6}</UniqueIdentifier>
    </Filter>
    <Filter Include="URI">
      <UniqueIdentifier>{d9338bbf-f060-469c-be4c-156ee392eaaa}</UniqueIdentifier>
    </Filter>
    <Filter Include="URI\Source Files">
      <UniqueIdentifier>{f3387320-8258-4019-b616-c8ce581f3552}</UniqueIdentifier>
    </Filter>
    <Filter Include="URI\Header Files">
      <UniqueIdentifier>{e0ff127f-cd94-4d93-a9ad-decb64519eb2}</UniqueIdentifier>
    </Filter>
    <Filter Include="_Suite">
      <UniqueIdentifier>{e2142761-293d-4ae9-8980-a45ea1fc8bc6}</UniqueIdentifier>
    </Filter>
    <Filter Include="_Suite\Source Files">
      <UniqueIdentifier>{c16c0d36-5c04-483f-ac31-df071492059e}</UniqueIdentifier>
    </Filter>
    <Filter Include="_Suite\Header Files">
      <UniqueIdentifier>{a3ee95a2-6e2e-45ac-8e82-f3090ae3efc9}</UniqueIdentifier>
    </Filter>
    <Filter Include="_Driver">
      <UniqueIdentifier>{6d4fa61a-50b3-4c15-8cce-2245bc926588}</UniqueIdentifier>
    </Filter>
    <Filter Include="_Driver\Source Files">
      <UniqueIdentifier>{34936966-dd13-4893-8986-47e08c0acd5a}</UniqueIdentifier>
    </Filter>
    <Filter Include="Processes">
      <UniqueIdentifier>{cfa21bb9-dd1d-4494-a3b8-6c7d863514de}</UniqueIdentifier>
    </Filter>
    <Filter Include="Processes\Source Files">
      <UniqueIdentifier>{7a196bf2-9a61-4a3a-a439-e5fe98476ace}</UniqueIdentifier>
    </Filter>
    <Filter Include="Processes\Header Files">
      <UniqueIdentifier>{ad323f75-d3e5-40cb-abb0-5ff77a31a653}</UniqueIdentifier>
    </Filter>
    <Filter Include="Tasks">
      <UniqueIdentifier>{cc837829-b8a2-4c0c-99c5-7c20c9ddd30f}</UniqueIdentifier>
    </Filter>
    <Filter Include="Tasks\Source Files">
      <UniqueIdentifier>{a0bc40ac-4581-42c8-b6fd-6fb8d8e3e3b5}</UniqueIdentifier>
    </Filter>
    <Filter Include="Tasks\Header Files">
      <UniqueIdentifier>{010c3c32-7d95-49a6-bf6a-2c7d695192b6}</UniqueIdentifier>
    </Filter>
    <Filter Include="Event">
      <UniqueIdentifier>{2dd30a62-bcc5-4330-9a68-eebc5426b2f3}</UniqueIdentifier>
    </Filter>
    <Filter Include="Event\Header Files">
      <UniqueIdentifier>{d3a7d41f-5570-4f87-9d03-470acf96a31d}</UniqueIdentifier>
    </Filter>
    <Filter Include="Event\Source Files">
      <UniqueIdentifier>{37f61560-1863-4a89-bfe3-19d6f5fc7e15}</UniqueIdentifier>
    </Filter>
    <Filter Include="Cache">
      <UniqueIdentifier>{c5efea6b-0440-4719-a6fd-5376ce6fd899}</UniqueIdentifier>
    </Filter>
    <Filter Include="Cache\Header Files">
      <UniqueIdentifier>{92f2cf83-c5cc-4d21-8f56-7332e7fc7774}</UniqueIdentifier>
    </Filter>
    <Filter Include="Cache\Source Files">
      <UniqueIdentifier>{48099687-38e5-4160-b1e5-2ee747a3107f}</UniqueIdentifier>
    </Filter>
    <Filter Include="Hashing">
      <UniqueIdentifier>{cf7ef114-357f-434c-b575-e8635418eafc}</UniqueIdentifier>
    </Filter>
    <Filter Include="Hashing\Header Files">
      <UniqueIdentifier>{fd02203a-341f-45f7-b73f-57568a1c11f5}</UniqueIdentifier>
    </Filter>
    <Filter Include="Hashing\Source Files">
      <UniqueIdentifier>{25b87898-ba06-4b16-a347-d81bd67f3d92}</UniqueIdentifier>
    </Filter>
    <Filter Include="Dynamic">
      <UniqueIdentifier>{3d842497-9fde-4953-9055-9790e5e91dda}</UniqueIdentifier>
    </Filter>
    <Filter Include="Dynamic\Source Files">
      <UniqueIdentifier>{e56078c2-c0f0-4781-b656-fdc2aae06f62}</UniqueIdentifier>
    </Filter>
    <Filter Include="Dynamic\Header Files">
      <UniqueIdentifier>{16fe730a-0b13-45ec-b45b-d79b5a16eac5}</UniqueIdentifier>
    </Filter>
  </ItemGroup>
  <ItemGroup>
    <ClCompile Include="src\AnyTest.cpp">
      <Filter>Core\Source Files</Filter>
    </ClCompile>
    <ClCompile Include="src\ArrayTest.cpp">
      <Filter>Core\Source Files</Filter>
    </ClCompile>
    <ClCompile Include="src\AutoPtrTest.cpp">
      <Filter>Core\Source Files</Filter>
    </ClCompile>
    <ClCompile Include="src\AutoReleasePoolTest.cpp">
      <Filter>Core\Source Files</Filter>
    </ClCompile>
    <ClCompile Include="src\ByteOrderTest.cpp">
      <Filter>Core\Source Files</Filter>
    </ClCompile>
    <ClCompile Include="src\CoreTest.cpp">
      <Filter>Core\Source Files</Filter>
    </ClCompile>
    <ClCompile Include="src\CoreTestSuite.cpp">
      <Filter>Core\Source Files</Filter>
    </ClCompile>
    <ClCompile Include="src\DirectoryIteratorsTest.cpp">
      <Filter>Core\Source Files</Filter>
    </ClCompile>
    <ClCompile Include="src\DynamicFactoryTest.cpp">
      <Filter>Core\Source Files</Filter>
    </ClCompile>
    <ClCompile Include="src\FormatTest.cpp">
      <Filter>Core\Source Files</Filter>
    </ClCompile>
    <ClCompile Include="src\FPETest.cpp">
      <Filter>Core\Source Files</Filter>
    </ClCompile>
    <ClCompile Include="src\ListMapTest.cpp">
      <Filter>Core\Source Files</Filter>
    </ClCompile>
    <ClCompile Include="src\MemoryPoolTest.cpp">
      <Filter>Core\Source Files</Filter>
    </ClCompile>
    <ClCompile Include="src\NamedTuplesTest.cpp">
      <Filter>Core\Source Files</Filter>
    </ClCompile>
    <ClCompile Include="src\NDCTest.cpp">
      <Filter>Core\Source Files</Filter>
    </ClCompile>
    <ClCompile Include="src\NumberFormatterTest.cpp">
      <Filter>Core\Source Files</Filter>
    </ClCompile>
    <ClCompile Include="src\NumberParserTest.cpp">
      <Filter>Core\Source Files</Filter>
    </ClCompile>
    <ClCompile Include="src\ObjectPoolTest.cpp">
      <Filter>Core\Source Files</Filter>
    </ClCompile>
    <ClCompile Include="src\RegularExpressionTest.cpp">
      <Filter>Core\Source Files</Filter>
    </ClCompile>
    <ClCompile Include="src\SharedPtrTest.cpp">
      <Filter>Core\Source Files</Filter>
    </ClCompile>
    <ClCompile Include="src\StringTest.cpp">
      <Filter>Core\Source Files</Filter>
    </ClCompile>
    <ClCompile Include="src\StringTokenizerTest.cpp">
      <Filter>Core\Source Files</Filter>
    </ClCompile>
    <ClCompile Include="src\TuplesTest.cpp">
      <Filter>Core\Source Files</Filter>
    </ClCompile>
    <ClCompile Include="src\TypeListTest.cpp">
      <Filter>Core\Source Files</Filter>
    </ClCompile>
    <ClCompile Include="src\Base32Test.cpp">
      <Filter>Streams\Source Files</Filter>
    </ClCompile>
    <ClCompile Include="src\Base64Test.cpp">
      <Filter>Streams\Source Files</Filter>
    </ClCompile>
    <ClCompile Include="src\BinaryReaderWriterTest.cpp">
      <Filter>Streams\Source Files</Filter>
    </ClCompile>
    <ClCompile Include="src\CountingStreamTest.cpp">
      <Filter>Streams\Source Files</Filter>
    </ClCompile>
    <ClCompile Include="src\FIFOBufferStreamTest.cpp">
      <Filter>Streams\Source Files</Filter>
    </ClCompile>
    <ClCompile Include="src\FileStreamTest.cpp">
      <Filter>Streams\Source Files</Filter>
    </ClCompile>
    <ClCompile Include="src\HexBinaryTest.cpp">
      <Filter>Streams\Source Files</Filter>
    </ClCompile>
    <ClCompile Include="src\LineEndingConverterTest.cpp">
      <Filter>Streams\Source Files</Filter>
    </ClCompile>
    <ClCompile Include="src\MemoryStreamTest.cpp">
      <Filter>Streams\Source Files</Filter>
    </ClCompile>
    <ClCompile Include="src\NullStreamTest.cpp">
      <Filter>Streams\Source Files</Filter>
    </ClCompile>
    <ClCompile Include="src\StreamCopierTest.cpp">
      <Filter>Streams\Source Files</Filter>
    </ClCompile>
    <ClCompile Include="src\StreamsTestSuite.cpp">
      <Filter>Streams\Source Files</Filter>
    </ClCompile>
    <ClCompile Include="src\StreamTokenizerTest.cpp">
      <Filter>Streams\Source Files</Filter>
    </ClCompile>
    <ClCompile Include="src\TeeStreamTest.cpp">
      <Filter>Streams\Source Files</Filter>
    </ClCompile>
    <ClCompile Include="src\ZLibTest.cpp">
      <Filter>Streams\Source Files</Filter>
    </ClCompile>
    <ClCompile Include="src\CryptTestSuite.cpp">
      <Filter>Crypt\Source Files</Filter>
    </ClCompile>
    <ClCompile Include="src\DigestStreamTest.cpp">
      <Filter>Crypt\Source Files</Filter>
    </ClCompile>
    <ClCompile Include="src\HMACEngineTest.cpp">
      <Filter>Crypt\Source Files</Filter>
    </ClCompile>
    <ClCompile Include="src\MD4EngineTest.cpp">
      <Filter>Crypt\Source Files</Filter>
    </ClCompile>
    <ClCompile Include="src\MD5EngineTest.cpp">
      <Filter>Crypt\Source Files</Filter>
    </ClCompile>
    <ClCompile Include="src\PBKDF2EngineTest.cpp">
      <Filter>Crypt\Source Files</Filter>
    </ClCompile>
    <ClCompile Include="src\RandomStreamTest.cpp">
      <Filter>Crypt\Source Files</Filter>
    </ClCompile>
    <ClCompile Include="src\RandomTest.cpp">
      <Filter>Crypt\Source Files</Filter>
    </ClCompile>
    <ClCompile Include="src\SHA1EngineTest.cpp">
      <Filter>Crypt\Source Files</Filter>
    </ClCompile>
    <ClCompile Include="src\NotificationCenterTest.cpp">
      <Filter>Notifications\Source Files</Filter>
    </ClCompile>
    <ClCompile Include="src\NotificationQueueTest.cpp">
      <Filter>Notifications\Source Files</Filter>
    </ClCompile>
    <ClCompile Include="src\NotificationsTestSuite.cpp">
      <Filter>Notifications\Source Files</Filter>
    </ClCompile>
    <ClCompile Include="src\PriorityNotificationQueueTest.cpp">
      <Filter>Notifications\Source Files</Filter>
    </ClCompile>
    <ClCompile Include="src\TimedNotificationQueueTest.cpp">
      <Filter>Notifications\Source Files</Filter>
    </ClCompile>
    <ClCompile Include="src\ActiveDispatcherTest.cpp">
      <Filter>Threading\Source Files</Filter>
    </ClCompile>
    <ClCompile Include="src\ActiveMethodTest.cpp">
      <Filter>Threading\Source Files</Filter>
    </ClCompile>
    <ClCompile Include="src\ActivityTest.cpp">
      <Filter>Threading\Source Files</Filter>
    </ClCompile>
    <ClCompile Include="src\ConditionTest.cpp">
      <Filter>Threading\Source Files</Filter>
    </ClCompile>
    <ClCompile Include="src\RWLockTest.cpp">
      <Filter>Threading\Source Files</Filter>
    </ClCompile>
    <ClCompile Include="src\SemaphoreTest.cpp">
      <Filter>Threading\Source Files</Filter>
    </ClCompile>
    <ClCompile Include="src\ThreadingTestSuite.cpp">
      <Filter>Threading\Source Files</Filter>
    </ClCompile>
    <ClCompile Include="src\ThreadLocalTest.cpp">
      <Filter>Threading\Source Files</Filter>
    </ClCompile>
    <ClCompile Include="src\ThreadPoolTest.cpp">
      <Filter>Threading\Source Files</Filter>
    </ClCompile>
    <ClCompile Include="src\ThreadTest.cpp">
      <Filter>Threading\Source Files</Filter>
    </ClCompile>
    <ClCompile Include="src\TimerTest.cpp">
      <Filter>Threading\Source Files</Filter>
    </ClCompile>
    <ClCompile Include="src\ClassLoaderTest.cpp">
      <Filter>SharedLibrary\Source Files</Filter>
    </ClCompile>
    <ClCompile Include="src\ManifestTest.cpp">
      <Filter>SharedLibrary\Source Files</Filter>
    </ClCompile>
    <ClCompile Include="src\SharedLibraryTest.cpp">
      <Filter>SharedLibrary\Source Files</Filter>
    </ClCompile>
    <ClCompile Include="src\SharedLibraryTestSuite.cpp">
      <Filter>SharedLibrary\Source Files</Filter>
    </ClCompile>
    <ClCompile Include="src\TestPlugin.cpp">
      <Filter>SharedLibrary\Source Files</Filter>
    </ClCompile>
    <ClCompile Include="src\ChannelTest.cpp">
      <Filter>Logging\Source Files</Filter>
    </ClCompile>
    <ClCompile Include="src\FileChannelTest.cpp">
      <Filter>Logging\Source Files</Filter>
    </ClCompile>
    <ClCompile Include="src\LoggerTest.cpp">
      <Filter>Logging\Source Files</Filter>
    </ClCompile>
    <ClCompile Include="src\LoggingFactoryTest.cpp">
      <Filter>Logging\Source Files</Filter>
    </ClCompile>
    <ClCompile Include="src\LoggingRegistryTest.cpp">
      <Filter>Logging\Source Files</Filter>
    </ClCompile>
    <ClCompile Include="src\LoggingTestSuite.cpp">
      <Filter>Logging\Source Files</Filter>
    </ClCompile>
    <ClCompile Include="src\LogStreamTest.cpp">
      <Filter>Logging\Source Files</Filter>
    </ClCompile>
    <ClCompile Include="src\PatternFormatterTest.cpp">
      <Filter>Logging\Source Files</Filter>
    </ClCompile>
    <ClCompile Include="src\SimpleFileChannelTest.cpp">
      <Filter>Logging\Source Files</Filter>
    </ClCompile>
    <ClCompile Include="src\TestChannel.cpp">
      <Filter>Logging\Source Files</Filter>
    </ClCompile>
    <ClCompile Include="src\DirectoryWatcherTest.cpp">
      <Filter>Filesystem\Source Files</Filter>
    </ClCompile>
    <ClCompile Include="src\FilesystemTestSuite.cpp">
      <Filter>Filesystem\Source Files</Filter>
    </ClCompile>
    <ClCompile Include="src\FileTest.cpp">
      <Filter>Filesystem\Source Files</Filter>
    </ClCompile>
    <ClCompile Include="src\GlobTest.cpp">
      <Filter>Filesystem\Source Files</Filter>
    </ClCompile>
    <ClCompile Include="src\PathTest.cpp">
      <Filter>Filesystem\Source Files</Filter>
    </ClCompile>
    <ClCompile Include="src\UUIDGeneratorTest.cpp">
      <Filter>UUID\Source Files</Filter>
    </ClCompile>
    <ClCompile Include="src\UUIDTest.cpp">
      <Filter>UUID\Source Files</Filter>
    </ClCompile>
    <ClCompile Include="src\UUIDTestSuite.cpp">
      <Filter>UUID\Source Files</Filter>
    </ClCompile>
    <ClCompile Include="src\ClockTest.cpp">
      <Filter>DateTime\Source Files</Filter>
    </ClCompile>
    <ClCompile Include="src\DateTimeFormatterTest.cpp">
      <Filter>DateTime\Source Files</Filter>
    </ClCompile>
    <ClCompile Include="src\DateTimeParserTest.cpp">
      <Filter>DateTime\Source Files</Filter>
    </ClCompile>
    <ClCompile Include="src\DateTimeTest.cpp">
      <Filter>DateTime\Source Files</Filter>
    </ClCompile>
    <ClCompile Include="src\DateTimeTestSuite.cpp">
      <Filter>DateTime\Source Files</Filter>
    </ClCompile>
    <ClCompile Include="src\LocalDateTimeTest.cpp">
      <Filter>DateTime\Source Files</Filter>
    </ClCompile>
    <ClCompile Include="src\StopwatchTest.cpp">
      <Filter>DateTime\Source Files</Filter>
    </ClCompile>
    <ClCompile Include="src\TimespanTest.cpp">
      <Filter>DateTime\Source Files</Filter>
    </ClCompile>
    <ClCompile Include="src\TimestampTest.cpp">
      <Filter>DateTime\Source Files</Filter>
    </ClCompile>
    <ClCompile Include="src\TimezoneTest.cpp">
      <Filter>DateTime\Source Files</Filter>
    </ClCompile>
    <ClCompile Include="src\StreamConverterTest.cpp">
      <Filter>Text\Source Files</Filter>
    </ClCompile>
    <ClCompile Include="src\TextBufferIteratorTest.cpp">
      <Filter>Text\Source Files</Filter>
    </ClCompile>
    <ClCompile Include="src\TextConverterTest.cpp">
      <Filter>Text\Source Files</Filter>
    </ClCompile>
    <ClCompile Include="src\TextEncodingTest.cpp">
      <Filter>Text\Source Files</Filter>
    </ClCompile>
    <ClCompile Include="src\TextIteratorTest.cpp">
      <Filter>Text\Source Files</Filter>
    </ClCompile>
    <ClCompile Include="src\TextTestSuite.cpp">
      <Filter>Text\Source Files</Filter>
    </ClCompile>
    <ClCompile Include="src\UnicodeConverterTest.cpp">
      <Filter>Text\Source Files</Filter>
    </ClCompile>
    <ClCompile Include="src\UTF8StringTest.cpp">
      <Filter>Text\Source Files</Filter>
    </ClCompile>
    <ClCompile Include="src\URIStreamOpenerTest.cpp">
      <Filter>URI\Source Files</Filter>
    </ClCompile>
    <ClCompile Include="src\URITest.cpp">
      <Filter>URI\Source Files</Filter>
    </ClCompile>
    <ClCompile Include="src\URITestSuite.cpp">
      <Filter>URI\Source Files</Filter>
    </ClCompile>
    <ClCompile Include="src\FoundationTestSuite.cpp">
      <Filter>_Suite\Source Files</Filter>
    </ClCompile>
    <ClCompile Include="src\WinCEDriver.cpp">
      <Filter>_Driver\Source Files</Filter>
    </ClCompile>
    <ClCompile Include="src\NamedEventTest.cpp">
      <Filter>Processes\Source Files</Filter>
    </ClCompile>
    <ClCompile Include="src\NamedMutexTest.cpp">
      <Filter>Processes\Source Files</Filter>
    </ClCompile>
    <ClCompile Include="src\ProcessesTestSuite.cpp">
      <Filter>Processes\Source Files</Filter>
    </ClCompile>
    <ClCompile Include="src\ProcessTest.cpp">
      <Filter>Processes\Source Files</Filter>
    </ClCompile>
    <ClCompile Include="src\SharedMemoryTest.cpp">
      <Filter>Processes\Source Files</Filter>
    </ClCompile>
    <ClCompile Include="src\TaskManagerTest.cpp">
      <Filter>Tasks\Source Files</Filter>
    </ClCompile>
    <ClCompile Include="src\TaskTest.cpp">
      <Filter>Tasks\Source Files</Filter>
    </ClCompile>
    <ClCompile Include="src\TaskTestSuite.cpp">
      <Filter>Tasks\Source Files</Filter>
    </ClCompile>
    <ClCompile Include="src\BasicEventTest.cpp">
      <Filter>Event\Source Files</Filter>
    </ClCompile>
    <ClCompile Include="src\DummyDelegate.cpp">
      <Filter>Event\Source Files</Filter>
    </ClCompile>
    <ClCompile Include="src\EventTestSuite.cpp">
      <Filter>Event\Source Files</Filter>
    </ClCompile>
    <ClCompile Include="src\FIFOEventTest.cpp">
      <Filter>Event\Source Files</Filter>
    </ClCompile>
    <ClCompile Include="src\PriorityEventTest.cpp">
      <Filter>Event\Source Files</Filter>
    </ClCompile>
    <ClCompile Include="src\CacheTestSuite.cpp">
      <Filter>Cache\Source Files</Filter>
    </ClCompile>
    <ClCompile Include="src\ExpireCacheTest.cpp">
      <Filter>Cache\Source Files</Filter>
    </ClCompile>
    <ClCompile Include="src\ExpireLRUCacheTest.cpp">
      <Filter>Cache\Source Files</Filter>
    </ClCompile>
    <ClCompile Include="src\LRUCacheTest.cpp">
      <Filter>Cache\Source Files</Filter>
    </ClCompile>
    <ClCompile Include="src\UniqueExpireCacheTest.cpp">
      <Filter>Cache\Source Files</Filter>
    </ClCompile>
    <ClCompile Include="src\UniqueExpireLRUCacheTest.cpp">
      <Filter>Cache\Source Files</Filter>
    </ClCompile>
    <ClCompile Include="src\HashingTestSuite.cpp">
      <Filter>Hashing\Source Files</Filter>
    </ClCompile>
    <ClCompile Include="src\HashMapTest.cpp">
      <Filter>Hashing\Source Files</Filter>
    </ClCompile>
    <ClCompile Include="src\HashSetTest.cpp">
      <Filter>Hashing\Source Files</Filter>
    </ClCompile>
    <ClCompile Include="src\HashTableTest.cpp">
      <Filter>Hashing\Source Files</Filter>
    </ClCompile>
    <ClCompile Include="src\LinearHashTableTest.cpp">
      <Filter>Hashing\Source Files</Filter>
    </ClCompile>
    <ClCompile Include="src\SimpleHashTableTest.cpp">
      <Filter>Hashing\Source Files</Filter>
    </ClCompile>
    <ClCompile Include="src\VarTest.cpp">
      <Filter>Dynamic\Source Files</Filter>
    </ClCompile>
  </ItemGroup>
  <ItemGroup>
    <ClInclude Include="src\AnyTest.h">
      <Filter>Core\Header Files</Filter>
    </ClInclude>
    <ClInclude Include="src\ArrayTest.h">
      <Filter>Core\Header Files</Filter>
    </ClInclude>
    <ClInclude Include="src\AutoPtrTest.h">
      <Filter>Core\Header Files</Filter>
    </ClInclude>
    <ClInclude Include="src\AutoReleasePoolTest.h">
      <Filter>Core\Header Files</Filter>
    </ClInclude>
    <ClInclude Include="src\ByteOrderTest.h">
      <Filter>Core\Header Files</Filter>
    </ClInclude>
    <ClInclude Include="src\CoreTest.h">
      <Filter>Core\Header Files</Filter>
    </ClInclude>
    <ClInclude Include="src\CoreTestSuite.h">
      <Filter>Core\Header Files</Filter>
    </ClInclude>
    <ClInclude Include="src\DirectoryIteratorsTest.h">
      <Filter>Core\Header Files</Filter>
    </ClInclude>
    <ClInclude Include="src\DynamicAnyTest.h">
      <Filter>Core\Header Files</Filter>
    </ClInclude>
    <ClInclude Include="src\DynamicFactoryTest.h">
      <Filter>Core\Header Files</Filter>
    </ClInclude>
    <ClInclude Include="src\FormatTest.h">
      <Filter>Core\Header Files</Filter>
    </ClInclude>
    <ClInclude Include="src\FPETest.h">
      <Filter>Core\Header Files</Filter>
    </ClInclude>
    <ClInclude Include="src\ListMapTest.h">
      <Filter>Core\Header Files</Filter>
    </ClInclude>
    <ClInclude Include="src\MemoryPoolTest.h">
      <Filter>Core\Header Files</Filter>
    </ClInclude>
    <ClInclude Include="src\NamedTuplesTest.h">
      <Filter>Core\Header Files</Filter>
    </ClInclude>
    <ClInclude Include="src\NDCTest.h">
      <Filter>Core\Header Files</Filter>
    </ClInclude>
    <ClInclude Include="src\NumberFormatterTest.h">
      <Filter>Core\Header Files</Filter>
    </ClInclude>
    <ClInclude Include="src\NumberParserTest.h">
      <Filter>Core\Header Files</Filter>
    </ClInclude>
    <ClInclude Include="src\ObjectPoolTest.h">
      <Filter>Core\Header Files</Filter>
    </ClInclude>
    <ClInclude Include="src\RegularExpressionTest.h">
      <Filter>Core\Header Files</Filter>
    </ClInclude>
    <ClInclude Include="src\SharedPtrTest.h">
      <Filter>Core\Header Files</Filter>
    </ClInclude>
    <ClInclude Include="src\StringTest.h">
      <Filter>Core\Header Files</Filter>
    </ClInclude>
    <ClInclude Include="src\StringTokenizerTest.h">
      <Filter>Core\Header Files</Filter>
    </ClInclude>
    <ClInclude Include="src\TuplesTest.h">
      <Filter>Core\Header Files</Filter>
    </ClInclude>
    <ClInclude Include="src\TypeListTest.h">
      <Filter>Core\Header Files</Filter>
    </ClInclude>
    <ClInclude Include="src\Base32Test.h">
      <Filter>Streams\Header Files</Filter>
    </ClInclude>
    <ClInclude Include="src\Base64Test.h">
      <Filter>Streams\Header Files</Filter>
    </ClInclude>
    <ClInclude Include="src\BinaryReaderWriterTest.h">
      <Filter>Streams\Header Files</Filter>
    </ClInclude>
    <ClInclude Include="src\CountingStreamTest.h">
      <Filter>Streams\Header Files</Filter>
    </ClInclude>
    <ClInclude Include="src\FIFOBufferStreamTest.h">
      <Filter>Streams\Header Files</Filter>
    </ClInclude>
    <ClInclude Include="src\FileStreamTest.h">
      <Filter>Streams\Header Files</Filter>
    </ClInclude>
    <ClInclude Include="src\HexBinaryTest.h">
      <Filter>Streams\Header Files</Filter>
    </ClInclude>
    <ClInclude Include="src\LineEndingConverterTest.h">
      <Filter>Streams\Header Files</Filter>
    </ClInclude>
    <ClInclude Include="src\MemoryStreamTest.h">
      <Filter>Streams\Header Files</Filter>
    </ClInclude>
    <ClInclude Include="src\NullStreamTest.h">
      <Filter>Streams\Header Files</Filter>
    </ClInclude>
    <ClInclude Include="src\StreamCopierTest.h">
      <Filter>Streams\Header Files</Filter>
    </ClInclude>
    <ClInclude Include="src\StreamsTestSuite.h">
      <Filter>Streams\Header Files</Filter>
    </ClInclude>
    <ClInclude Include="src\StreamTokenizerTest.h">
      <Filter>Streams\Header Files</Filter>
    </ClInclude>
    <ClInclude Include="src\TeeStreamTest.h">
      <Filter>Streams\Header Files</Filter>
    </ClInclude>
    <ClInclude Include="src\ZLibTest.h">
      <Filter>Streams\Header Files</Filter>
    </ClInclude>
    <ClInclude Include="src\CryptTestSuite.h">
      <Filter>Crypt\Header Files</Filter>
    </ClInclude>
    <ClInclude Include="src\DigestStreamTest.h">
      <Filter>Crypt\Header Files</Filter>
    </ClInclude>
    <ClInclude Include="src\HMACEngineTest.h">
      <Filter>Crypt\Header Files</Filter>
    </ClInclude>
    <ClInclude Include="src\MD4EngineTest.h">
      <Filter>Crypt\Header Files</Filter>
    </ClInclude>
    <ClInclude Include="src\MD5EngineTest.h">
      <Filter>Crypt\Header Files</Filter>
    </ClInclude>
    <ClInclude Include="src\PBKDF2EngineTest.h">
      <Filter>Crypt\Header Files</Filter>
    </ClInclude>
    <ClInclude Include="src\RandomStreamTest.h">
      <Filter>Crypt\Header Files</Filter>
    </ClInclude>
    <ClInclude Include="src\RandomTest.h">
      <Filter>Crypt\Header Files</Filter>
    </ClInclude>
    <ClInclude Include="src\SHA1EngineTest.h">
      <Filter>Crypt\Header Files</Filter>
    </ClInclude>
    <ClInclude Include="src\NotificationCenterTest.h">
      <Filter>Notifications\Header Files</Filter>
    </ClInclude>
    <ClInclude Include="src\NotificationQueueTest.h">
      <Filter>Notifications\Header Files</Filter>
    </ClInclude>
    <ClInclude Include="src\NotificationsTestSuite.h">
      <Filter>Notifications\Header Files</Filter>
    </ClInclude>
    <ClInclude Include="src\PriorityNotificationQueueTest.h">
      <Filter>Notifications\Header Files</Filter>
    </ClInclude>
    <ClInclude Include="src\TimedNotificationQueueTest.h">
      <Filter>Notifications\Header Files</Filter>
    </ClInclude>
    <ClInclude Include="src\ActiveDispatcherTest.h">
      <Filter>Threading\Header Files</Filter>
    </ClInclude>
    <ClInclude Include="src\ActiveMethodTest.h">
      <Filter>Threading\Header Files</Filter>
    </ClInclude>
    <ClInclude Include="src\ActivityTest.h">
      <Filter>Threading\Header Files</Filter>
    </ClInclude>
    <ClInclude Include="src\ConditionTest.h">
      <Filter>Threading\Header Files</Filter>
    </ClInclude>
    <ClInclude Include="src\RWLockTest.h">
      <Filter>Threading\Header Files</Filter>
    </ClInclude>
    <ClInclude Include="src\SemaphoreTest.h">
      <Filter>Threading\Header Files</Filter>
    </ClInclude>
    <ClInclude Include="src\ThreadingTestSuite.h">
      <Filter>Threading\Header Files</Filter>
    </ClInclude>
    <ClInclude Include="src\ThreadLocalTest.h">
      <Filter>Threading\Header Files</Filter>
    </ClInclude>
    <ClInclude Include="src\ThreadPoolTest.h">
      <Filter>Threading\Header Files</Filter>
    </ClInclude>
    <ClInclude Include="src\ThreadTest.h">
      <Filter>Threading\Header Files</Filter>
    </ClInclude>
    <ClInclude Include="src\TimerTest.h">
      <Filter>Threading\Header Files</Filter>
    </ClInclude>
    <ClInclude Include="src\ClassLoaderTest.h">
      <Filter>SharedLibrary\Header Files</Filter>
    </ClInclude>
    <ClInclude Include="src\ManifestTest.h">
      <Filter>SharedLibrary\Header Files</Filter>
    </ClInclude>
    <ClInclude Include="src\SharedLibraryTest.h">
      <Filter>SharedLibrary\Header Files</Filter>
    </ClInclude>
    <ClInclude Include="src\SharedLibraryTestSuite.h">
      <Filter>SharedLibrary\Header Files</Filter>
    </ClInclude>
    <ClInclude Include="src\TestPlugin.h">
      <Filter>SharedLibrary\Header Files</Filter>
    </ClInclude>
    <ClInclude Include="src\ChannelTest.h">
      <Filter>Logging\Header Files</Filter>
    </ClInclude>
    <ClInclude Include="src\FileChannelTest.h">
      <Filter>Logging\Header Files</Filter>
    </ClInclude>
    <ClInclude Include="src\LoggerTest.h">
      <Filter>Logging\Header Files</Filter>
    </ClInclude>
    <ClInclude Include="src\LoggingFactoryTest.h">
      <Filter>Logging\Header Files</Filter>
    </ClInclude>
    <ClInclude Include="src\LoggingRegistryTest.h">
      <Filter>Logging\Header Files</Filter>
    </ClInclude>
    <ClInclude Include="src\LoggingTestSuite.h">
      <Filter>Logging\Header Files</Filter>
    </ClInclude>
    <ClInclude Include="src\LogStreamTest.h">
      <Filter>Logging\Header Files</Filter>
    </ClInclude>
    <ClInclude Include="src\PatternFormatterTest.h">
      <Filter>Logging\Header Files</Filter>
    </ClInclude>
    <ClInclude Include="src\SimpleFileChannelTest.h">
      <Filter>Logging\Header Files</Filter>
    </ClInclude>
    <ClInclude Include="src\TestChannel.h">
      <Filter>Logging\Header Files</Filter>
    </ClInclude>
    <ClInclude Include="src\DirectoryWatcherTest.h">
      <Filter>Filesystem\Header Files</Filter>
    </ClInclude>
    <ClInclude Include="src\FilesystemTestSuite.h">
      <Filter>Filesystem\Header Files</Filter>
    </ClInclude>
    <ClInclude Include="src\FileTest.h">
      <Filter>Filesystem\Header Files</Filter>
    </ClInclude>
    <ClInclude Include="src\GlobTest.h">
      <Filter>Filesystem\Header Files</Filter>
    </ClInclude>
    <ClInclude Include="src\PathTest.h">
      <Filter>Filesystem\Header Files</Filter>
    </ClInclude>
    <ClInclude Include="src\UUIDGeneratorTest.h">
      <Filter>UUID\Header Files</Filter>
    </ClInclude>
    <ClInclude Include="src\UUIDTest.h">
      <Filter>UUID\Header Files</Filter>
    </ClInclude>
    <ClInclude Include="src\UUIDTestSuite.h">
      <Filter>UUID\Header Files</Filter>
    </ClInclude>
    <ClInclude Include="src\ClockTest.h">
      <Filter>DateTime\Header Files</Filter>
    </ClInclude>
    <ClInclude Include="src\DateTimeFormatterTest.h">
      <Filter>DateTime\Header Files</Filter>
    </ClInclude>
    <ClInclude Include="src\DateTimeParserTest.h">
      <Filter>DateTime\Header Files</Filter>
    </ClInclude>
    <ClInclude Include="src\DateTimeTest.h">
      <Filter>DateTime\Header Files</Filter>
    </ClInclude>
    <ClInclude Include="src\DateTimeTestSuite.h">
      <Filter>DateTime\Header Files</Filter>
    </ClInclude>
    <ClInclude Include="src\LocalDateTimeTest.h">
      <Filter>DateTime\Header Files</Filter>
    </ClInclude>
    <ClInclude Include="src\StopwatchTest.h">
      <Filter>DateTime\Header Files</Filter>
    </ClInclude>
    <ClInclude Include="src\TimespanTest.h">
      <Filter>DateTime\Header Files</Filter>
    </ClInclude>
    <ClInclude Include="src\TimestampTest.h">
      <Filter>DateTime\Header Files</Filter>
    </ClInclude>
    <ClInclude Include="src\TimezoneTest.h">
      <Filter>DateTime\Header Files</Filter>
    </ClInclude>
    <ClInclude Include="src\StreamConverterTest.h">
      <Filter>Text\Header Files</Filter>
    </ClInclude>
    <ClInclude Include="src\TextBufferIteratorTest.h">
      <Filter>Text\Header Files</Filter>
    </ClInclude>
    <ClInclude Include="src\TextConverterTest.h">
      <Filter>Text\Header Files</Filter>
    </ClInclude>
    <ClInclude Include="src\TextEncodingTest.h">
      <Filter>Text\Header Files</Filter>
    </ClInclude>
    <ClInclude Include="src\TextIteratorTest.h">
      <Filter>Text\Header Files</Filter>
    </ClInclude>
    <ClInclude Include="src\TextTestSuite.h">
      <Filter>Text\Header Files</Filter>
    </ClInclude>
    <ClInclude Include="src\UnicodeConverterTest.h">
      <Filter>Text\Header Files</Filter>
    </ClInclude>
    <ClInclude Include="src\UTF8StringTest.h">
      <Filter>Text\Header Files</Filter>
    </ClInclude>
    <ClInclude Include="src\URIStreamOpenerTest.h">
      <Filter>URI\Header Files</Filter>
    </ClInclude>
    <ClInclude Include="src\URITest.h">
      <Filter>URI\Header Files</Filter>
    </ClInclude>
    <ClInclude Include="src\URITestSuite.h">
      <Filter>URI\Header Files</Filter>
    </ClInclude>
    <ClInclude Include="src\FoundationTestSuite.h">
      <Filter>_Suite\Header Files</Filter>
    </ClInclude>
    <ClInclude Include="src\NamedEventTest.h">
      <Filter>Processes\Header Files</Filter>
    </ClInclude>
    <ClInclude Include="src\NamedMutexTest.h">
      <Filter>Processes\Header Files</Filter>
    </ClInclude>
    <ClInclude Include="src\ProcessesTestSuite.h">
      <Filter>Processes\Header Files</Filter>
    </ClInclude>
    <ClInclude Include="src\ProcessTest.h">
      <Filter>Processes\Header Files</Filter>
    </ClInclude>
    <ClInclude Include="src\SharedMemoryTest.h">
      <Filter>Processes\Header Files</Filter>
    </ClInclude>
    <ClInclude Include="src\TaskManagerTest.h">
      <Filter>Tasks\Header Files</Filter>
    </ClInclude>
    <ClInclude Include="src\TaskTest.h">
      <Filter>Tasks\Header Files</Filter>
    </ClInclude>
    <ClInclude Include="src\TaskTestSuite.h">
      <Filter>Tasks\Header Files</Filter>
    </ClInclude>
    <ClInclude Include="src\BasicEventTest.h">
      <Filter>Event\Header Files</Filter>
    </ClInclude>
    <ClInclude Include="src\DummyDelegate.h">
      <Filter>Event\Header Files</Filter>
    </ClInclude>
    <ClInclude Include="src\EventTestSuite.h">
      <Filter>Event\Header Files</Filter>
    </ClInclude>
    <ClInclude Include="src\FIFOEventTest.h">
      <Filter>Event\Header Files</Filter>
    </ClInclude>
    <ClInclude Include="src\PriorityEventTest.h">
      <Filter>Event\Header Files</Filter>
    </ClInclude>
    <ClInclude Include="src\CacheTestSuite.h">
      <Filter>Cache\Header Files</Filter>
    </ClInclude>
    <ClInclude Include="src\ExpireCacheTest.h">
      <Filter>Cache\Header Files</Filter>
    </ClInclude>
    <ClInclude Include="src\ExpireLRUCacheTest.h">
      <Filter>Cache\Header Files</Filter>
    </ClInclude>
    <ClInclude Include="src\LRUCacheTest.h">
      <Filter>Cache\Header Files</Filter>
    </ClInclude>
    <ClInclude Include="src\UniqueExpireCacheTest.h">
      <Filter>Cache\Header Files</Filter>
    </ClInclude>
    <ClInclude Include="src\UniqueExpireLRUCacheTest.h">
      <Filter>Cache\Header Files</Filter>
    </ClInclude>
    <ClInclude Include="src\HashingTestSuite.h">
      <Filter>Hashing\Header Files</Filter>
    </ClInclude>
    <ClInclude Include="src\HashMapTest.h">
      <Filter>Hashing\Header Files</Filter>
    </ClInclude>
    <ClInclude Include="src\HashSetTest.h">
      <Filter>Hashing\Header Files</Filter>
    </ClInclude>
    <ClInclude Include="src\HashTableTest.h">
      <Filter>Hashing\Header Files</Filter>
    </ClInclude>
    <ClInclude Include="src\LinearHashTableTest.h">
      <Filter>Hashing\Header Files</Filter>
    </ClInclude>
    <ClInclude Include="src\SimpleHashTableTest.h">
      <Filter>Hashing\Header Files</Filter>
    </ClInclude>
    <ClInclude Include="src\VarTest.h">
      <Filter>Dynamic\Header Files</Filter>
    </ClInclude>
  </ItemGroup>
</Project>