<?xml version="1.0" encoding="utf-8"?>
<Project ToolsVersion="4.0" xmlns="http://schemas.microsoft.com/developer/msbuild/2003">
  <ItemGroup>
    <Filter Include="Core">
      <UniqueIdentifier>{1dc7c31d-342b-4185-b4da-7aa3f087a7b3}</UniqueIdentifier>
    </Filter>
    <Filter Include="Core\Source Files">
      <UniqueIdentifier>{97ec2870-72e5-4938-8e4c-6212913ffa06}</UniqueIdentifier>
    </Filter>
    <Filter Include="Core\Header Files">
      <UniqueIdentifier>{c01682f2-1c9d-49dd-94a3-5220512c17c4}</UniqueIdentifier>
    </Filter>
    <Filter Include="Streams">
      <UniqueIdentifier>{b5c42464-d380-48b1-a4f8-2ac3daec26ba}</UniqueIdentifier>
    </Filter>
    <Filter Include="Streams\Source Files">
      <UniqueIdentifier>{b0fed0d7-b8c0-4f02-b5d0-0e0671518571}</UniqueIdentifier>
    </Filter>
    <Filter Include="Streams\Header Files">
      <UniqueIdentifier>{2a85aa4e-45ec-4eba-a371-12c284958067}</UniqueIdentifier>
    </Filter>
    <Filter Include="Crypt">
      <UniqueIdentifier>{bf9cb094-85bd-4692-b5fe-52b536ba905a}</UniqueIdentifier>
    </Filter>
    <Filter Include="Crypt\Source Files">
      <UniqueIdentifier>{89490d4e-efec-415b-a5b7-e091a33f6c68}</UniqueIdentifier>
    </Filter>
    <Filter Include="Crypt\Header Files">
      <UniqueIdentifier>{71b5f0e0-28e2-49fc-844f-7798cd20eb80}</UniqueIdentifier>
    </Filter>
    <Filter Include="Notifications">
      <UniqueIdentifier>{d533751a-a74b-41a7-8b07-b38bb93cc829}</UniqueIdentifier>
    </Filter>
    <Filter Include="Notifications\Source Files">
      <UniqueIdentifier>{fe0623f3-4eb8-40e8-b777-b98ddb40d9a2}</UniqueIdentifier>
    </Filter>
    <Filter Include="Notifications\Header Files">
      <UniqueIdentifier>{174d0f33-0897-4af8-a40c-6093d46f423e}</UniqueIdentifier>
    </Filter>
    <Filter Include="Threading">
      <UniqueIdentifier>{b7f19fa8-9017-4a7e-aeee-6b26a57e99b3}</UniqueIdentifier>
    </Filter>
    <Filter Include="Threading\Source Files">
      <UniqueIdentifier>{8cdf17d8-60ac-4a62-ab45-e5c997ba3fc9}</UniqueIdentifier>
    </Filter>
    <Filter Include="Threading\Header Files">
      <UniqueIdentifier>{fe9f4fea-0691-45b2-b29b-c49f76ab6314}</UniqueIdentifier>
    </Filter>
    <Filter Include="SharedLibrary">
      <UniqueIdentifier>{568c5a8b-6ddd-47f7-9828-4fedae20b16e}</UniqueIdentifier>
    </Filter>
    <Filter Include="SharedLibrary\Source Files">
      <UniqueIdentifier>{4de47131-7c11-4699-8a31-0770b3447bc7}</UniqueIdentifier>
    </Filter>
    <Filter Include="SharedLibrary\Header Files">
      <UniqueIdentifier>{998ab481-46ca-40b7-857c-89f7c2114027}</UniqueIdentifier>
    </Filter>
    <Filter Include="Logging">
      <UniqueIdentifier>{ac4adb2e-f0c4-4f3a-98d0-68f5c0797c40}</UniqueIdentifier>
    </Filter>
    <Filter Include="Logging\Source Files">
      <UniqueIdentifier>{37192aeb-66c7-4ea4-a05b-0397a38a8cc7}</UniqueIdentifier>
    </Filter>
    <Filter Include="Logging\Header Files">
      <UniqueIdentifier>{032b96ae-9245-40bb-ae65-ed2a54476968}</UniqueIdentifier>
    </Filter>
    <Filter Include="Filesystem">
      <UniqueIdentifier>{775cacb4-8e09-4894-a0b9-22a25babea7d}</UniqueIdentifier>
    </Filter>
    <Filter Include="Filesystem\Source Files">
      <UniqueIdentifier>{e56e97ef-d228-4b39-af6f-5f778042defa}</UniqueIdentifier>
    </Filter>
    <Filter Include="Filesystem\Header Files">
      <UniqueIdentifier>{372f41d4-142f-485a-ab34-0b5ec94af55a}</UniqueIdentifier>
    </Filter>
    <Filter Include="UUID">
      <UniqueIdentifier>{0305ccfe-03c7-495f-bf39-6331efdc0050}</UniqueIdentifier>
    </Filter>
    <Filter Include="UUID\Source Files">
      <UniqueIdentifier>{f914484a-9c82-4593-8d5b-8ee1ad970b42}</UniqueIdentifier>
    </Filter>
    <Filter Include="UUID\Header Files">
      <UniqueIdentifier>{07eb698e-eae2-4350-b525-70682fbba787}</UniqueIdentifier>
    </Filter>
    <Filter Include="DateTime">
      <UniqueIdentifier>{2bf792da-bdbf-48fe-8d88-5e737d11733d}</UniqueIdentifier>
    </Filter>
    <Filter Include="DateTime\Source Files">
      <UniqueIdentifier>{d6ea4366-16e8-4d1a-93c1-83508e2e8b47}</UniqueIdentifier>
    </Filter>
    <Filter Include="DateTime\Header Files">
      <UniqueIdentifier>{97d9fd1f-8280-4d05-925f-4f11cfe23650}</UniqueIdentifier>
    </Filter>
    <Filter Include="Text">
      <UniqueIdentifier>{22888ccf-d53e-48b8-9204-26cd26d0b0ef}</UniqueIdentifier>
    </Filter>
    <Filter Include="Text\Source Files">
      <UniqueIdentifier>{1a707533-6e40-4285-b08b-b9467871984f}</UniqueIdentifier>
    </Filter>
    <Filter Include="Text\Header Files">
      <UniqueIdentifier>{17890c2e-944c-466f-a515-ba298d81a929}</UniqueIdentifier>
    </Filter>
    <Filter Include="URI">
      <UniqueIdentifier>{bfbe1cc0-10dd-4361-8020-47d64e00548b}</UniqueIdentifier>
    </Filter>
    <Filter Include="URI\Source Files">
      <UniqueIdentifier>{8d7d8365-4cae-4d67-a12e-8fc9bf5571b7}</UniqueIdentifier>
    </Filter>
    <Filter Include="URI\Header Files">
      <UniqueIdentifier>{aecf96c7-1bdc-420a-9226-debaa8244952}</UniqueIdentifier>
    </Filter>
    <Filter Include="_Suite">
      <UniqueIdentifier>{49f66d4d-3b3b-4c6b-ba25-71eb58cd2230}</UniqueIdentifier>
    </Filter>
    <Filter Include="_Suite\Source Files">
      <UniqueIdentifier>{b5fa5494-c7eb-4548-9e3f-fbc8bc03fca6}</UniqueIdentifier>
    </Filter>
    <Filter Include="_Suite\Header Files">
      <UniqueIdentifier>{da84a859-4bd1-4392-9c31-4e88be6fc697}</UniqueIdentifier>
    </Filter>
    <Filter Include="_Driver">
      <UniqueIdentifier>{b5a368dd-345d-412c-86ac-f8c2439f96c7}</UniqueIdentifier>
    </Filter>
    <Filter Include="_Driver\Source Files">
      <UniqueIdentifier>{1e4b54eb-9e8e-40d1-92d2-a4c3554efd56}</UniqueIdentifier>
    </Filter>
    <Filter Include="Processes">
      <UniqueIdentifier>{2ea85a17-60d2-4261-a64e-6f1ce2c31c6f}</UniqueIdentifier>
    </Filter>
    <Filter Include="Processes\Source Files">
      <UniqueIdentifier>{6b63e4d2-cb79-426f-a175-3ddcc0226385}</UniqueIdentifier>
    </Filter>
    <Filter Include="Processes\Header Files">
      <UniqueIdentifier>{ffa8c7ec-d3be-4c74-8e6c-422c34cdba53}</UniqueIdentifier>
    </Filter>
    <Filter Include="Tasks">
      <UniqueIdentifier>{53edf315-c4da-4c70-b36c-bc6bf7091bfe}</UniqueIdentifier>
    </Filter>
    <Filter Include="Tasks\Source Files">
      <UniqueIdentifier>{628d705a-11b6-47f7-8e2d-1f8e6daf33bf}</UniqueIdentifier>
    </Filter>
    <Filter Include="Tasks\Header Files">
      <UniqueIdentifier>{afa1f107-4ebf-418d-a37a-43e0412ce2c4}</UniqueIdentifier>
    </Filter>
    <Filter Include="Event">
      <UniqueIdentifier>{c8545a3d-5b8e-481a-8dc9-88b0fbd5ce3a}</UniqueIdentifier>
    </Filter>
    <Filter Include="Event\Header Files">
      <UniqueIdentifier>{ae2b7c9a-5dd1-4bbf-984c-0e8acee13236}</UniqueIdentifier>
    </Filter>
    <Filter Include="Event\Source Files">
      <UniqueIdentifier>{4b1c43f6-978e-4ef4-8df8-c606dabbb64f}</UniqueIdentifier>
    </Filter>
    <Filter Include="Cache">
      <UniqueIdentifier>{1085580c-eded-468d-8ac2-ae0d47a90b3f}</UniqueIdentifier>
    </Filter>
    <Filter Include="Cache\Header Files">
      <UniqueIdentifier>{0bbcb263-fe89-47e9-ac93-6473fe3d5cc5}</UniqueIdentifier>
    </Filter>
    <Filter Include="Cache\Source Files">
      <UniqueIdentifier>{51cdf659-7486-4e21-86a0-e713279ae212}</UniqueIdentifier>
    </Filter>
    <Filter Include="Hashing">
      <UniqueIdentifier>{695fa894-ce82-4bf3-ab91-2c58af9968b3}</UniqueIdentifier>
    </Filter>
    <Filter Include="Hashing\Header Files">
      <UniqueIdentifier>{2b9eb748-ca01-4e8b-8079-34dbebc7beed}</UniqueIdentifier>
    </Filter>
    <Filter Include="Hashing\Source Files">
      <UniqueIdentifier>{29b44aa5-bc2b-4042-b5fd-fb7f411b5a1c}</UniqueIdentifier>
    </Filter>
    <Filter Include="Dynamic">
      <UniqueIdentifier>{ee44996d-f451-4ad0-8421-d78bddc19409}</UniqueIdentifier>
    </Filter>
    <Filter Include="Dynamic\Source Files">
      <UniqueIdentifier>{50eec6da-389b-4f4a-99cc-c6b5f70b7b79}</UniqueIdentifier>
    </Filter>
    <Filter Include="Dynamic\Header Files">
      <UniqueIdentifier>{12cdf68d-e656-4fe0-9888-4884ee7433b4}</UniqueIdentifier>
    </Filter>
  </ItemGroup>
  <ItemGroup>
    <ClCompile Include="src\AnyTest.cpp">
      <Filter>Core\Source Files</Filter>
    </ClCompile>
    <ClCompile Include="src\ArrayTest.cpp">
      <Filter>Core\Source Files</Filter>
    </ClCompile>
    <ClCompile Include="src\AutoPtrTest.cpp">
      <Filter>Core\Source Files</Filter>
    </ClCompile>
    <ClCompile Include="src\AutoReleasePoolTest.cpp">
      <Filter>Core\Source Files</Filter>
    </ClCompile>
    <ClCompile Include="src\ByteOrderTest.cpp">
      <Filter>Core\Source Files</Filter>
    </ClCompile>
    <ClCompile Include="src\CoreTest.cpp">
      <Filter>Core\Source Files</Filter>
    </ClCompile>
    <ClCompile Include="src\CoreTestSuite.cpp">
      <Filter>Core\Source Files</Filter>
    </ClCompile>
    <ClCompile Include="src\DirectoryIteratorsTest.cpp">
      <Filter>Core\Source Files</Filter>
    </ClCompile>
    <ClCompile Include="src\DynamicFactoryTest.cpp">
      <Filter>Core\Source Files</Filter>
    </ClCompile>
    <ClCompile Include="src\FormatTest.cpp">
      <Filter>Core\Source Files</Filter>
    </ClCompile>
    <ClCompile Include="src\FPETest.cpp">
      <Filter>Core\Source Files</Filter>
    </ClCompile>
    <ClCompile Include="src\ListMapTest.cpp">
      <Filter>Core\Source Files</Filter>
    </ClCompile>
    <ClCompile Include="src\MemoryPoolTest.cpp">
      <Filter>Core\Source Files</Filter>
    </ClCompile>
    <ClCompile Include="src\NamedTuplesTest.cpp">
      <Filter>Core\Source Files</Filter>
    </ClCompile>
    <ClCompile Include="src\NDCTest.cpp">
      <Filter>Core\Source Files</Filter>
    </ClCompile>
    <ClCompile Include="src\NumberFormatterTest.cpp">
      <Filter>Core\Source Files</Filter>
    </ClCompile>
    <ClCompile Include="src\NumberParserTest.cpp">
      <Filter>Core\Source Files</Filter>
    </ClCompile>
    <ClCompile Include="src\ObjectPoolTest.cpp">
      <Filter>Core\Source Files</Filter>
    </ClCompile>
    <ClCompile Include="src\RegularExpressionTest.cpp">
      <Filter>Core\Source Files</Filter>
    </ClCompile>
    <ClCompile Include="src\SharedPtrTest.cpp">
      <Filter>Core\Source Files</Filter>
    </ClCompile>
    <ClCompile Include="src\StringTest.cpp">
      <Filter>Core\Source Files</Filter>
    </ClCompile>
    <ClCompile Include="src\StringTokenizerTest.cpp">
      <Filter>Core\Source Files</Filter>
    </ClCompile>
    <ClCompile Include="src\TuplesTest.cpp">
      <Filter>Core\Source Files</Filter>
    </ClCompile>
    <ClCompile Include="src\TypeListTest.cpp">
      <Filter>Core\Source Files</Filter>
    </ClCompile>
    <ClCompile Include="src\Base32Test.cpp">
      <Filter>Streams\Source Files</Filter>
    </ClCompile>
    <ClCompile Include="src\Base64Test.cpp">
      <Filter>Streams\Source Files</Filter>
    </ClCompile>
    <ClCompile Include="src\BinaryReaderWriterTest.cpp">
      <Filter>Streams\Source Files</Filter>
    </ClCompile>
    <ClCompile Include="src\CountingStreamTest.cpp">
      <Filter>Streams\Source Files</Filter>
    </ClCompile>
    <ClCompile Include="src\FIFOBufferStreamTest.cpp">
      <Filter>Streams\Source Files</Filter>
    </ClCompile>
    <ClCompile Include="src\FileStreamTest.cpp">
      <Filter>Streams\Source Files</Filter>
    </ClCompile>
    <ClCompile Include="src\HexBinaryTest.cpp">
      <Filter>Streams\Source Files</Filter>
    </ClCompile>
    <ClCompile Include="src\LineEndingConverterTest.cpp">
      <Filter>Streams\Source Files</Filter>
    </ClCompile>
    <ClCompile Include="src\MemoryStreamTest.cpp">
      <Filter>Streams\Source Files</Filter>
    </ClCompile>
    <ClCompile Include="src\NullStreamTest.cpp">
      <Filter>Streams\Source Files</Filter>
    </ClCompile>
    <ClCompile Include="src\StreamCopierTest.cpp">
      <Filter>Streams\Source Files</Filter>
    </ClCompile>
    <ClCompile Include="src\StreamsTestSuite.cpp">
      <Filter>Streams\Source Files</Filter>
    </ClCompile>
    <ClCompile Include="src\StreamTokenizerTest.cpp">
      <Filter>Streams\Source Files</Filter>
    </ClCompile>
    <ClCompile Include="src\TeeStreamTest.cpp">
      <Filter>Streams\Source Files</Filter>
    </ClCompile>
    <ClCompile Include="src\ZLibTest.cpp">
      <Filter>Streams\Source Files</Filter>
    </ClCompile>
    <ClCompile Include="src\CryptTestSuite.cpp">
      <Filter>Crypt\Source Files</Filter>
    </ClCompile>
    <ClCompile Include="src\DigestStreamTest.cpp">
      <Filter>Crypt\Source Files</Filter>
    </ClCompile>
    <ClCompile Include="src\HMACEngineTest.cpp">
      <Filter>Crypt\Source Files</Filter>
    </ClCompile>
    <ClCompile Include="src\MD4EngineTest.cpp">
      <Filter>Crypt\Source Files</Filter>
    </ClCompile>
    <ClCompile Include="src\MD5EngineTest.cpp">
      <Filter>Crypt\Source Files</Filter>
    </ClCompile>
    <ClCompile Include="src\PBKDF2EngineTest.cpp">
      <Filter>Crypt\Source Files</Filter>
    </ClCompile>
    <ClCompile Include="src\RandomStreamTest.cpp">
      <Filter>Crypt\Source Files</Filter>
    </ClCompile>
    <ClCompile Include="src\RandomTest.cpp">
      <Filter>Crypt\Source Files</Filter>
    </ClCompile>
    <ClCompile Include="src\SHA1EngineTest.cpp">
      <Filter>Crypt\Source Files</Filter>
    </ClCompile>
    <ClCompile Include="src\NotificationCenterTest.cpp">
      <Filter>Notifications\Source Files</Filter>
    </ClCompile>
    <ClCompile Include="src\NotificationQueueTest.cpp">
      <Filter>Notifications\Source Files</Filter>
    </ClCompile>
    <ClCompile Include="src\NotificationsTestSuite.cpp">
      <Filter>Notifications\Source Files</Filter>
    </ClCompile>
    <ClCompile Include="src\PriorityNotificationQueueTest.cpp">
      <Filter>Notifications\Source Files</Filter>
    </ClCompile>
    <ClCompile Include="src\TimedNotificationQueueTest.cpp">
      <Filter>Notifications\Source Files</Filter>
    </ClCompile>
    <ClCompile Include="src\ActiveDispatcherTest.cpp">
      <Filter>Threading\Source Files</Filter>
    </ClCompile>
    <ClCompile Include="src\ActiveMethodTest.cpp">
      <Filter>Threading\Source Files</Filter>
    </ClCompile>
    <ClCompile Include="src\ActivityTest.cpp">
      <Filter>Threading\Source Files</Filter>
    </ClCompile>
    <ClCompile Include="src\ConditionTest.cpp">
      <Filter>Threading\Source Files</Filter>
    </ClCompile>
    <ClCompile Include="src\RWLockTest.cpp">
      <Filter>Threading\Source Files</Filter>
    </ClCompile>
    <ClCompile Include="src\SemaphoreTest.cpp">
      <Filter>Threading\Source Files</Filter>
    </ClCompile>
    <ClCompile Include="src\ThreadingTestSuite.cpp">
      <Filter>Threading\Source Files</Filter>
    </ClCompile>
    <ClCompile Include="src\ThreadLocalTest.cpp">
      <Filter>Threading\Source Files</Filter>
    </ClCompile>
    <ClCompile Include="src\ThreadPoolTest.cpp">
      <Filter>Threading\Source Files</Filter>
    </ClCompile>
    <ClCompile Include="src\ThreadTest.cpp">
      <Filter>Threading\Source Files</Filter>
    </ClCompile>
    <ClCompile Include="src\TimerTest.cpp">
      <Filter>Threading\Source Files</Filter>
    </ClCompile>
    <ClCompile Include="src\ClassLoaderTest.cpp">
      <Filter>SharedLibrary\Source Files</Filter>
    </ClCompile>
    <ClCompile Include="src\ManifestTest.cpp">
      <Filter>SharedLibrary\Source Files</Filter>
    </ClCompile>
    <ClCompile Include="src\SharedLibraryTest.cpp">
      <Filter>SharedLibrary\Source Files</Filter>
    </ClCompile>
    <ClCompile Include="src\SharedLibraryTestSuite.cpp">
      <Filter>SharedLibrary\Source Files</Filter>
    </ClCompile>
    <ClCompile Include="src\TestPlugin.cpp">
      <Filter>SharedLibrary\Source Files</Filter>
    </ClCompile>
    <ClCompile Include="src\ChannelTest.cpp">
      <Filter>Logging\Source Files</Filter>
    </ClCompile>
    <ClCompile Include="src\FileChannelTest.cpp">
      <Filter>Logging\Source Files</Filter>
    </ClCompile>
    <ClCompile Include="src\LoggerTest.cpp">
      <Filter>Logging\Source Files</Filter>
    </ClCompile>
    <ClCompile Include="src\LoggingFactoryTest.cpp">
      <Filter>Logging\Source Files</Filter>
    </ClCompile>
    <ClCompile Include="src\LoggingRegistryTest.cpp">
      <Filter>Logging\Source Files</Filter>
    </ClCompile>
    <ClCompile Include="src\LoggingTestSuite.cpp">
      <Filter>Logging\Source Files</Filter>
    </ClCompile>
    <ClCompile Include="src\LogStreamTest.cpp">
      <Filter>Logging\Source Files</Filter>
    </ClCompile>
    <ClCompile Include="src\PatternFormatterTest.cpp">
      <Filter>Logging\Source Files</Filter>
    </ClCompile>
    <ClCompile Include="src\SimpleFileChannelTest.cpp">
      <Filter>Logging\Source Files</Filter>
    </ClCompile>
    <ClCompile Include="src\TestChannel.cpp">
      <Filter>Logging\Source Files</Filter>
    </ClCompile>
    <ClCompile Include="src\DirectoryWatcherTest.cpp">
      <Filter>Filesystem\Source Files</Filter>
    </ClCompile>
    <ClCompile Include="src\FilesystemTestSuite.cpp">
      <Filter>Filesystem\Source Files</Filter>
    </ClCompile>
    <ClCompile Include="src\FileTest.cpp">
      <Filter>Filesystem\Source Files</Filter>
    </ClCompile>
    <ClCompile Include="src\GlobTest.cpp">
      <Filter>Filesystem\Source Files</Filter>
    </ClCompile>
    <ClCompile Include="src\PathTest.cpp">
      <Filter>Filesystem\Source Files</Filter>
    </ClCompile>
    <ClCompile Include="src\UUIDGeneratorTest.cpp">
      <Filter>UUID\Source Files</Filter>
    </ClCompile>
    <ClCompile Include="src\UUIDTest.cpp">
      <Filter>UUID\Source Files</Filter>
    </ClCompile>
    <ClCompile Include="src\UUIDTestSuite.cpp">
      <Filter>UUID\Source Files</Filter>
    </ClCompile>
    <ClCompile Include="src\ClockTest.cpp">
      <Filter>DateTime\Source Files</Filter>
    </ClCompile>
    <ClCompile Include="src\DateTimeFormatterTest.cpp">
      <Filter>DateTime\Source Files</Filter>
    </ClCompile>
    <ClCompile Include="src\DateTimeParserTest.cpp">
      <Filter>DateTime\Source Files</Filter>
    </ClCompile>
    <ClCompile Include="src\DateTimeTest.cpp">
      <Filter>DateTime\Source Files</Filter>
    </ClCompile>
    <ClCompile Include="src\DateTimeTestSuite.cpp">
      <Filter>DateTime\Source Files</Filter>
    </ClCompile>
    <ClCompile Include="src\LocalDateTimeTest.cpp">
      <Filter>DateTime\Source Files</Filter>
    </ClCompile>
    <ClCompile Include="src\StopwatchTest.cpp">
      <Filter>DateTime\Source Files</Filter>
    </ClCompile>
    <ClCompile Include="src\TimespanTest.cpp">
      <Filter>DateTime\Source Files</Filter>
    </ClCompile>
    <ClCompile Include="src\TimestampTest.cpp">
      <Filter>DateTime\Source Files</Filter>
    </ClCompile>
    <ClCompile Include="src\TimezoneTest.cpp">
      <Filter>DateTime\Source Files</Filter>
    </ClCompile>
    <ClCompile Include="src\StreamConverterTest.cpp">
      <Filter>Text\Source Files</Filter>
    </ClCompile>
    <ClCompile Include="src\TextBufferIteratorTest.cpp">
      <Filter>Text\Source Files</Filter>
    </ClCompile>
    <ClCompile Include="src\TextConverterTest.cpp">
      <Filter>Text\Source Files</Filter>
    </ClCompile>
    <ClCompile Include="src\TextEncodingTest.cpp">
      <Filter>Text\Source Files</Filter>
    </ClCompile>
    <ClCompile Include="src\TextIteratorTest.cpp">
      <Filter>Text\Source Files</Filter>
    </ClCompile>
    <ClCompile Include="src\TextTestSuite.cpp">
      <Filter>Text\Source Files</Filter>
    </ClCompile>
    <ClCompile Include="src\UnicodeConverterTest.cpp">
      <Filter>Text\Source Files</Filter>
    </ClCompile>
    <ClCompile Include="src\UTF8StringTest.cpp">
      <Filter>Text\Source Files</Filter>
    </ClCompile>
    <ClCompile Include="src\URIStreamOpenerTest.cpp">
      <Filter>URI\Source Files</Filter>
    </ClCompile>
    <ClCompile Include="src\URITest.cpp">
      <Filter>URI\Source Files</Filter>
    </ClCompile>
    <ClCompile Include="src\URITestSuite.cpp">
      <Filter>URI\Source Files</Filter>
    </ClCompile>
    <ClCompile Include="src\FoundationTestSuite.cpp">
      <Filter>_Suite\Source Files</Filter>
    </ClCompile>
    <ClCompile Include="src\WinCEDriver.cpp">
      <Filter>_Driver\Source Files</Filter>
    </ClCompile>
    <ClCompile Include="src\NamedEventTest.cpp">
      <Filter>Processes\Source Files</Filter>
    </ClCompile>
    <ClCompile Include="src\NamedMutexTest.cpp">
      <Filter>Processes\Source Files</Filter>
    </ClCompile>
    <ClCompile Include="src\ProcessesTestSuite.cpp">
      <Filter>Processes\Source Files</Filter>
    </ClCompile>
    <ClCompile Include="src\ProcessTest.cpp">
      <Filter>Processes\Source Files</Filter>
    </ClCompile>
    <ClCompile Include="src\SharedMemoryTest.cpp">
      <Filter>Processes\Source Files</Filter>
    </ClCompile>
    <ClCompile Include="src\TaskManagerTest.cpp">
      <Filter>Tasks\Source Files</Filter>
    </ClCompile>
    <ClCompile Include="src\TaskTest.cpp">
      <Filter>Tasks\Source Files</Filter>
    </ClCompile>
    <ClCompile Include="src\TaskTestSuite.cpp">
      <Filter>Tasks\Source Files</Filter>
    </ClCompile>
    <ClCompile Include="src\BasicEventTest.cpp">
      <Filter>Event\Source Files</Filter>
    </ClCompile>
    <ClCompile Include="src\DummyDelegate.cpp">
      <Filter>Event\Source Files</Filter>
    </ClCompile>
    <ClCompile Include="src\EventTestSuite.cpp">
      <Filter>Event\Source Files</Filter>
    </ClCompile>
    <ClCompile Include="src\FIFOEventTest.cpp">
      <Filter>Event\Source Files</Filter>
    </ClCompile>
    <ClCompile Include="src\PriorityEventTest.cpp">
      <Filter>Event\Source Files</Filter>
    </ClCompile>
    <ClCompile Include="src\CacheTestSuite.cpp">
      <Filter>Cache\Source Files</Filter>
    </ClCompile>
    <ClCompile Include="src\ExpireCacheTest.cpp">
      <Filter>Cache\Source Files</Filter>
    </ClCompile>
    <ClCompile Include="src\ExpireLRUCacheTest.cpp">
      <Filter>Cache\Source Files</Filter>
    </ClCompile>
    <ClCompile Include="src\LRUCacheTest.cpp">
      <Filter>Cache\Source Files</Filter>
    </ClCompile>
    <ClCompile Include="src\UniqueExpireCacheTest.cpp">
      <Filter>Cache\Source Files</Filter>
    </ClCompile>
    <ClCompile Include="src\UniqueExpireLRUCacheTest.cpp">
      <Filter>Cache\Source Files</Filter>
    </ClCompile>
    <ClCompile Include="src\HashingTestSuite.cpp">
      <Filter>Hashing\Source Files</Filter>
    </ClCompile>
    <ClCompile Include="src\HashMapTest.cpp">
      <Filter>Hashing\Source Files</Filter>
    </ClCompile>
    <ClCompile Include="src\HashSetTest.cpp">
      <Filter>Hashing\Source Files</Filter>
    </ClCompile>
    <ClCompile Include="src\HashTableTest.cpp">
      <Filter>Hashing\Source Files</Filter>
    </ClCompile>
    <ClCompile Include="src\LinearHashTableTest.cpp">
      <Filter>Hashing\Source Files</Filter>
    </ClCompile>
    <ClCompile Include="src\SimpleHashTableTest.cpp">
      <Filter>Hashing\Source Files</Filter>
    </ClCompile>
    <ClCompile Include="src\VarTest.cpp">
      <Filter>Dynamic\Source Files</Filter>
    </ClCompile>
  </ItemGroup>
  <ItemGroup>
    <ClInclude Include="src\AnyTest.h">
      <Filter>Core\Header Files</Filter>
    </ClInclude>
    <ClInclude Include="src\ArrayTest.h">
      <Filter>Core\Header Files</Filter>
    </ClInclude>
    <ClInclude Include="src\AutoPtrTest.h">
      <Filter>Core\Header Files</Filter>
    </ClInclude>
    <ClInclude Include="src\AutoReleasePoolTest.h">
      <Filter>Core\Header Files</Filter>
    </ClInclude>
    <ClInclude Include="src\ByteOrderTest.h">
      <Filter>Core\Header Files</Filter>
    </ClInclude>
    <ClInclude Include="src\CoreTest.h">
      <Filter>Core\Header Files</Filter>
    </ClInclude>
    <ClInclude Include="src\CoreTestSuite.h">
      <Filter>Core\Header Files</Filter>
    </ClInclude>
    <ClInclude Include="src\DirectoryIteratorsTest.h">
      <Filter>Core\Header Files</Filter>
    </ClInclude>
    <ClInclude Include="src\DynamicAnyTest.h">
      <Filter>Core\Header Files</Filter>
    </ClInclude>
    <ClInclude Include="src\DynamicFactoryTest.h">
      <Filter>Core\Header Files</Filter>
    </ClInclude>
    <ClInclude Include="src\FormatTest.h">
      <Filter>Core\Header Files</Filter>
    </ClInclude>
    <ClInclude Include="src\FPETest.h">
      <Filter>Core\Header Files</Filter>
    </ClInclude>
    <ClInclude Include="src\ListMapTest.h">
      <Filter>Core\Header Files</Filter>
    </ClInclude>
    <ClInclude Include="src\MemoryPoolTest.h">
      <Filter>Core\Header Files</Filter>
    </ClInclude>
    <ClInclude Include="src\NamedTuplesTest.h">
      <Filter>Core\Header Files</Filter>
    </ClInclude>
    <ClInclude Include="src\NDCTest.h">
      <Filter>Core\Header Files</Filter>
    </ClInclude>
    <ClInclude Include="src\NumberFormatterTest.h">
      <Filter>Core\Header Files</Filter>
    </ClInclude>
    <ClInclude Include="src\NumberParserTest.h">
      <Filter>Core\Header Files</Filter>
    </ClInclude>
    <ClInclude Include="src\ObjectPoolTest.h">
      <Filter>Core\Header Files</Filter>
    </ClInclude>
    <ClInclude Include="src\RegularExpressionTest.h">
      <Filter>Core\Header Files</Filter>
    </ClInclude>
    <ClInclude Include="src\SharedPtrTest.h">
      <Filter>Core\Header Files</Filter>
    </ClInclude>
    <ClInclude Include="src\StringTest.h">
      <Filter>Core\Header Files</Filter>
    </ClInclude>
    <ClInclude Include="src\StringTokenizerTest.h">
      <Filter>Core\Header Files</Filter>
    </ClInclude>
    <ClInclude Include="src\TuplesTest.h">
      <Filter>Core\Header Files</Filter>
    </ClInclude>
    <ClInclude Include="src\TypeListTest.h">
      <Filter>Core\Header Files</Filter>
    </ClInclude>
    <ClInclude Include="src\Base32Test.h">
      <Filter>Streams\Header Files</Filter>
    </ClInclude>
    <ClInclude Include="src\Base64Test.h">
      <Filter>Streams\Header Files</Filter>
    </ClInclude>
    <ClInclude Include="src\BinaryReaderWriterTest.h">
      <Filter>Streams\Header Files</Filter>
    </ClInclude>
    <ClInclude Include="src\CountingStreamTest.h">
      <Filter>Streams\Header Files</Filter>
    </ClInclude>
    <ClInclude Include="src\FIFOBufferStreamTest.h">
      <Filter>Streams\Header Files</Filter>
    </ClInclude>
    <ClInclude Include="src\FileStreamTest.h">
      <Filter>Streams\Header Files</Filter>
    </ClInclude>
    <ClInclude Include="src\HexBinaryTest.h">
      <Filter>Streams\Header Files</Filter>
    </ClInclude>
    <ClInclude Include="src\LineEndingConverterTest.h">
      <Filter>Streams\Header Files</Filter>
    </ClInclude>
    <ClInclude Include="src\MemoryStreamTest.h">
      <Filter>Streams\Header Files</Filter>
    </ClInclude>
    <ClInclude Include="src\NullStreamTest.h">
      <Filter>Streams\Header Files</Filter>
    </ClInclude>
    <ClInclude Include="src\StreamCopierTest.h">
      <Filter>Streams\Header Files</Filter>
    </ClInclude>
    <ClInclude Include="src\StreamsTestSuite.h">
      <Filter>Streams\Header Files</Filter>
    </ClInclude>
    <ClInclude Include="src\StreamTokenizerTest.h">
      <Filter>Streams\Header Files</Filter>
    </ClInclude>
    <ClInclude Include="src\TeeStreamTest.h">
      <Filter>Streams\Header Files</Filter>
    </ClInclude>
    <ClInclude Include="src\ZLibTest.h">
      <Filter>Streams\Header Files</Filter>
    </ClInclude>
    <ClInclude Include="src\CryptTestSuite.h">
      <Filter>Crypt\Header Files</Filter>
    </ClInclude>
    <ClInclude Include="src\DigestStreamTest.h">
      <Filter>Crypt\Header Files</Filter>
    </ClInclude>
    <ClInclude Include="src\HMACEngineTest.h">
      <Filter>Crypt\Header Files</Filter>
    </ClInclude>
    <ClInclude Include="src\MD4EngineTest.h">
      <Filter>Crypt\Header Files</Filter>
    </ClInclude>
    <ClInclude Include="src\MD5EngineTest.h">
      <Filter>Crypt\Header Files</Filter>
    </ClInclude>
    <ClInclude Include="src\PBKDF2EngineTest.h">
      <Filter>Crypt\Header Files</Filter>
    </ClInclude>
    <ClInclude Include="src\RandomStreamTest.h">
      <Filter>Crypt\Header Files</Filter>
    </ClInclude>
    <ClInclude Include="src\RandomTest.h">
      <Filter>Crypt\Header Files</Filter>
    </ClInclude>
    <ClInclude Include="src\SHA1EngineTest.h">
      <Filter>Crypt\Header Files</Filter>
    </ClInclude>
    <ClInclude Include="src\NotificationCenterTest.h">
      <Filter>Notifications\Header Files</Filter>
    </ClInclude>
    <ClInclude Include="src\NotificationQueueTest.h">
      <Filter>Notifications\Header Files</Filter>
    </ClInclude>
    <ClInclude Include="src\NotificationsTestSuite.h">
      <Filter>Notifications\Header Files</Filter>
    </ClInclude>
    <ClInclude Include="src\PriorityNotificationQueueTest.h">
      <Filter>Notifications\Header Files</Filter>
    </ClInclude>
    <ClInclude Include="src\TimedNotificationQueueTest.h">
      <Filter>Notifications\Header Files</Filter>
    </ClInclude>
    <ClInclude Include="src\ActiveDispatcherTest.h">
      <Filter>Threading\Header Files</Filter>
    </ClInclude>
    <ClInclude Include="src\ActiveMethodTest.h">
      <Filter>Threading\Header Files</Filter>
    </ClInclude>
    <ClInclude Include="src\ActivityTest.h">
      <Filter>Threading\Header Files</Filter>
    </ClInclude>
    <ClInclude Include="src\ConditionTest.h">
      <Filter>Threading\Header Files</Filter>
    </ClInclude>
    <ClInclude Include="src\RWLockTest.h">
      <Filter>Threading\Header Files</Filter>
    </ClInclude>
    <ClInclude Include="src\SemaphoreTest.h">
      <Filter>Threading\Header Files</Filter>
    </ClInclude>
    <ClInclude Include="src\ThreadingTestSuite.h">
      <Filter>Threading\Header Files</Filter>
    </ClInclude>
    <ClInclude Include="src\ThreadLocalTest.h">
      <Filter>Threading\Header Files</Filter>
    </ClInclude>
    <ClInclude Include="src\ThreadPoolTest.h">
      <Filter>Threading\Header Files</Filter>
    </ClInclude>
    <ClInclude Include="src\ThreadTest.h">
      <Filter>Threading\Header Files</Filter>
    </ClInclude>
    <ClInclude Include="src\TimerTest.h">
      <Filter>Threading\Header Files</Filter>
    </ClInclude>
    <ClInclude Include="src\ClassLoaderTest.h">
      <Filter>SharedLibrary\Header Files</Filter>
    </ClInclude>
    <ClInclude Include="src\ManifestTest.h">
      <Filter>SharedLibrary\Header Files</Filter>
    </ClInclude>
    <ClInclude Include="src\SharedLibraryTest.h">
      <Filter>SharedLibrary\Header Files</Filter>
    </ClInclude>
    <ClInclude Include="src\SharedLibraryTestSuite.h">
      <Filter>SharedLibrary\Header Files</Filter>
    </ClInclude>
    <ClInclude Include="src\TestPlugin.h">
      <Filter>SharedLibrary\Header Files</Filter>
    </ClInclude>
    <ClInclude Include="src\ChannelTest.h">
      <Filter>Logging\Header Files</Filter>
    </ClInclude>
    <ClInclude Include="src\FileChannelTest.h">
      <Filter>Logging\Header Files</Filter>
    </ClInclude>
    <ClInclude Include="src\LoggerTest.h">
      <Filter>Logging\Header Files</Filter>
    </ClInclude>
    <ClInclude Include="src\LoggingFactoryTest.h">
      <Filter>Logging\Header Files</Filter>
    </ClInclude>
    <ClInclude Include="src\LoggingRegistryTest.h">
      <Filter>Logging\Header Files</Filter>
    </ClInclude>
    <ClInclude Include="src\LoggingTestSuite.h">
      <Filter>Logging\Header Files</Filter>
    </ClInclude>
    <ClInclude Include="src\LogStreamTest.h">
      <Filter>Logging\Header Files</Filter>
    </ClInclude>
    <ClInclude Include="src\PatternFormatterTest.h">
      <Filter>Logging\Header Files</Filter>
    </ClInclude>
    <ClInclude Include="src\SimpleFileChannelTest.h">
      <Filter>Logging\Header Files</Filter>
    </ClInclude>
    <ClInclude Include="src\TestChannel.h">
      <Filter>Logging\Header Files</Filter>
    </ClInclude>
    <ClInclude Include="src\DirectoryWatcherTest.h">
      <Filter>Filesystem\Header Files</Filter>
    </ClInclude>
    <ClInclude Include="src\FilesystemTestSuite.h">
      <Filter>Filesystem\Header Files</Filter>
    </ClInclude>
    <ClInclude Include="src\FileTest.h">
      <Filter>Filesystem\Header Files</Filter>
    </ClInclude>
    <ClInclude Include="src\GlobTest.h">
      <Filter>Filesystem\Header Files</Filter>
    </ClInclude>
    <ClInclude Include="src\PathTest.h">
      <Filter>Filesystem\Header Files</Filter>
    </ClInclude>
    <ClInclude Include="src\UUIDGeneratorTest.h">
      <Filter>UUID\Header Files</Filter>
    </ClInclude>
    <ClInclude Include="src\UUIDTest.h">
      <Filter>UUID\Header Files</Filter>
    </ClInclude>
    <ClInclude Include="src\UUIDTestSuite.h">
      <Filter>UUID\Header Files</Filter>
    </ClInclude>
    <ClInclude Include="src\ClockTest.h">
      <Filter>DateTime\Header Files</Filter>
    </ClInclude>
    <ClInclude Include="src\DateTimeFormatterTest.h">
      <Filter>DateTime\Header Files</Filter>
    </ClInclude>
    <ClInclude Include="src\DateTimeParserTest.h">
      <Filter>DateTime\Header Files</Filter>
    </ClInclude>
    <ClInclude Include="src\DateTimeTest.h">
      <Filter>DateTime\Header Files</Filter>
    </ClInclude>
    <ClInclude Include="src\DateTimeTestSuite.h">
      <Filter>DateTime\Header Files</Filter>
    </ClInclude>
    <ClInclude Include="src\LocalDateTimeTest.h">
      <Filter>DateTime\Header Files</Filter>
    </ClInclude>
    <ClInclude Include="src\StopwatchTest.h">
      <Filter>DateTime\Header Files</Filter>
    </ClInclude>
    <ClInclude Include="src\TimespanTest.h">
      <Filter>DateTime\Header Files</Filter>
    </ClInclude>
    <ClInclude Include="src\TimestampTest.h">
      <Filter>DateTime\Header Files</Filter>
    </ClInclude>
    <ClInclude Include="src\TimezoneTest.h">
      <Filter>DateTime\Header Files</Filter>
    </ClInclude>
    <ClInclude Include="src\StreamConverterTest.h">
      <Filter>Text\Header Files</Filter>
    </ClInclude>
    <ClInclude Include="src\TextBufferIteratorTest.h">
      <Filter>Text\Header Files</Filter>
    </ClInclude>
    <ClInclude Include="src\TextConverterTest.h">
      <Filter>Text\Header Files</Filter>
    </ClInclude>
    <ClInclude Include="src\TextEncodingTest.h">
      <Filter>Text\Header Files</Filter>
    </ClInclude>
    <ClInclude Include="src\TextIteratorTest.h">
      <Filter>Text\Header Files</Filter>
    </ClInclude>
    <ClInclude Include="src\TextTestSuite.h">
      <Filter>Text\Header Files</Filter>
    </ClInclude>
    <ClInclude Include="src\UnicodeConverterTest.h">
      <Filter>Text\Header Files</Filter>
    </ClInclude>
    <ClInclude Include="src\UTF8StringTest.h">
      <Filter>Text\Header Files</Filter>
    </ClInclude>
    <ClInclude Include="src\URIStreamOpenerTest.h">
      <Filter>URI\Header Files</Filter>
    </ClInclude>
    <ClInclude Include="src\URITest.h">
      <Filter>URI\Header Files</Filter>
    </ClInclude>
    <ClInclude Include="src\URITestSuite.h">
      <Filter>URI\Header Files</Filter>
    </ClInclude>
    <ClInclude Include="src\FoundationTestSuite.h">
      <Filter>_Suite\Header Files</Filter>
    </ClInclude>
    <ClInclude Include="src\NamedEventTest.h">
      <Filter>Processes\Header Files</Filter>
    </ClInclude>
    <ClInclude Include="src\NamedMutexTest.h">
      <Filter>Processes\Header Files</Filter>
    </ClInclude>
    <ClInclude Include="src\ProcessesTestSuite.h">
      <Filter>Processes\Header Files</Filter>
    </ClInclude>
    <ClInclude Include="src\ProcessTest.h">
      <Filter>Processes\Header Files</Filter>
    </ClInclude>
    <ClInclude Include="src\SharedMemoryTest.h">
      <Filter>Processes\Header Files</Filter>
    </ClInclude>
    <ClInclude Include="src\TaskManagerTest.h">
      <Filter>Tasks\Header Files</Filter>
    </ClInclude>
    <ClInclude Include="src\TaskTest.h">
      <Filter>Tasks\Header Files</Filter>
    </ClInclude>
    <ClInclude Include="src\TaskTestSuite.h">
      <Filter>Tasks\Header Files</Filter>
    </ClInclude>
    <ClInclude Include="src\BasicEventTest.h">
      <Filter>Event\Header Files</Filter>
    </ClInclude>
    <ClInclude Include="src\DummyDelegate.h">
      <Filter>Event\Header Files</Filter>
    </ClInclude>
    <ClInclude Include="src\EventTestSuite.h">
      <Filter>Event\Header Files</Filter>
    </ClInclude>
    <ClInclude Include="src\FIFOEventTest.h">
      <Filter>Event\Header Files</Filter>
    </ClInclude>
    <ClInclude Include="src\PriorityEventTest.h">
      <Filter>Event\Header Files</Filter>
    </ClInclude>
    <ClInclude Include="src\CacheTestSuite.h">
      <Filter>Cache\Header Files</Filter>
    </ClInclude>
    <ClInclude Include="src\ExpireCacheTest.h">
      <Filter>Cache\Header Files</Filter>
    </ClInclude>
    <ClInclude Include="src\ExpireLRUCacheTest.h">
      <Filter>Cache\Header Files</Filter>
    </ClInclude>
    <ClInclude Include="src\LRUCacheTest.h">
      <Filter>Cache\Header Files</Filter>
    </ClInclude>
    <ClInclude Include="src\UniqueExpireCacheTest.h">
      <Filter>Cache\Header Files</Filter>
    </ClInclude>
    <ClInclude Include="src\UniqueExpireLRUCacheTest.h">
      <Filter>Cache\Header Files</Filter>
    </ClInclude>
    <ClInclude Include="src\HashingTestSuite.h">
      <Filter>Hashing\Header Files</Filter>
    </ClInclude>
    <ClInclude Include="src\HashMapTest.h">
      <Filter>Hashing\Header Files</Filter>
    </ClInclude>
    <ClInclude Include="src\HashSetTest.h">
      <Filter>Hashing\Header Files</Filter>
    </ClInclude>
    <ClInclude Include="src\HashTableTest.h">
      <Filter>Hashing\Header Files</Filter>
    </ClInclude>
    <ClInclude Include="src\LinearHashTableTest.h">
      <Filter>Hashing\Header Files</Filter>
    </ClInclude>
    <ClInclude Include="src\SimpleHashTableTest.h">
      <Filter>Hashing\Header Files</Filter>
    </ClInclude>
    <ClInclude Include="src\VarTest.h">
      <Filter>Dynamic\Header Files</Filter>
    </ClInclude>
  </ItemGroup>
</Project>