<?xml version="1.0" encoding="utf-8"?>
<Project ToolsVersion="4.0" xmlns="http://schemas.microsoft.com/developer/msbuild/2003">
  <ItemGroup>
    <Filter Include="Application">
      <UniqueIdentifier>{b55298f4-5292-49a3-b35a-da6158197225}</UniqueIdentifier>
    </Filter>
    <Filter Include="Application\Header Files">
      <UniqueIdentifier>{0934bcce-f23c-480c-a026-965b7b253f11}</UniqueIdentifier>
    </Filter>
    <Filter Include="Application\Source Files">
      <UniqueIdentifier>{4b8f2c2d-e13a-42cd-8750-8057a879e729}</UniqueIdentifier>
    </Filter>
    <Filter Include="Configuration">
      <UniqueIdentifier>{17bc8495-629a-4692-a982-2b9509ab126f}</UniqueIdentifier>
    </Filter>
    <Filter Include="Configuration\Header Files">
      <UniqueIdentifier>{d7caacb5-8be0-494b-bf99-f82d56e3319e}</UniqueIdentifier>
    </Filter>
    <Filter Include="Configuration\Source Files">
      <UniqueIdentifier>{319c3a11-0b5b-4064-a15c-9e8a8f2e4978}</UniqueIdentifier>
    </Filter>
    <Filter Include="Options">
      <UniqueIdentifier>{1643a6ee-77b1-4092-8947-ebefce178aa9}</UniqueIdentifier>
    </Filter>
    <Filter Include="Options\Header Files">
      <UniqueIdentifier>{c0339309-30d6-460f-bf5a-c037ff6155e0}</UniqueIdentifier>
    </Filter>
    <Filter Include="Options\Source Files">
      <UniqueIdentifier>{7d8196d3-3914-4fd8-80b3-d69977c65cd2}</UniqueIdentifier>
    </Filter>
    <Filter Include="Windows">
      <UniqueIdentifier>{1c9f09a8-ec7a-49b6-a9dd-379337668ddc}</UniqueIdentifier>
    </Filter>
    <Filter Include="Windows\Header Files">
      <UniqueIdentifier>{b2f1d1e9-3342-40dd-8bc8-1f00524e16bd}</UniqueIdentifier>
    </Filter>
    <Filter Include="Windows\Source Files">
      <UniqueIdentifier>{424a6308-26a7-4fc6-931a-95e46f312884}</UniqueIdentifier>
    </Filter>
    <Filter Include="Util">
      <UniqueIdentifier>{ea42806d-6e00-463b-bbf4-74fc64b5783a}</UniqueIdentifier>
    </Filter>
    <Filter Include="Util\Header Files">
      <UniqueIdentifier>{06e36ab6-dd32-4cdf-b5fc-fc8b4d197ad9}</UniqueIdentifier>
    </Filter>
    <Filter Include="Util\Source Files">
      <UniqueIdentifier>{22b16e3c-0875-4b82-a480-de6c9ffe45d4}</UniqueIdentifier>
    </Filter>
    <Filter Include="Timer">
      <UniqueIdentifier>{8cb6fd58-c2ab-49a1-b984-9f6c83d588f9}</UniqueIdentifier>
    </Filter>
    <Filter Include="Timer\Header Files">
      <UniqueIdentifier>{7c972eed-6362-4ef8-86a7-b8e61abc96d3}</UniqueIdentifier>
    </Filter>
    <Filter Include="Timer\Source Files">
      <UniqueIdentifier>{56fe6e3f-73f1-4ede-a6f1-37ff849743bb}</UniqueIdentifier>
    </Filter>
  </ItemGroup>
  <ItemGroup>
    <ClInclude Include="include\Poco\Util\Application.h">
      <Filter>Application\Header Files</Filter>
    </ClInclude>
    <ClInclude Include="include\Poco\Util\LoggingSubsystem.h">
      <Filter>Application\Header Files</Filter>
    </ClInclude>
    <ClInclude Include="include\Poco\Util\ServerApplication.h">
      <Filter>Application\Header Files</Filter>
    </ClInclude>
    <ClInclude Include="include\Poco\Util\Subsystem.h">
      <Filter>Application\Header Files</Filter>
    </ClInclude>
    <ClInclude Include="include\Poco\Util\AbstractConfiguration.h">
      <Filter>Configuration\Header Files</Filter>
    </ClInclude>
    <ClInclude Include="include\Poco\Util\ConfigurationMapper.h">
      <Filter>Configuration\Header Files</Filter>
    </ClInclude>
    <ClInclude Include="include\Poco\Util\ConfigurationView.h">
      <Filter>Configuration\Header Files</Filter>
    </ClInclude>
    <ClInclude Include="include\Poco\Util\FilesystemConfiguration.h">
      <Filter>Configuration\Header Files</Filter>
    </ClInclude>
    <ClInclude Include="include\Poco\Util\IniFileConfiguration.h">
      <Filter>Configuration\Header Files</Filter>
    </ClInclude>
    <ClInclude Include="include\Poco\Util\JSONConfiguration.h">
      <Filter>Configuration\Header Files</Filter>
    </ClInclude>
    <ClInclude Include="include\Poco\Util\LayeredConfiguration.h">
      <Filter>Configuration\Header Files</Filter>
    </ClInclude>
    <ClInclude Include="include\Poco\Util\LoggingConfigurator.h">
      <Filter>Configuration\Header Files</Filter>
    </ClInclude>
    <ClInclude Include="include\Poco\Util\MapConfiguration.h">
      <Filter>Configuration\Header Files</Filter>
    </ClInclude>
    <ClInclude Include="include\Poco\Util\PropertyFileConfiguration.h">
      <Filter>Configuration\Header Files</Filter>
    </ClInclude>
    <ClInclude Include="include\Poco\Util\SystemConfiguration.h">
      <Filter>Configuration\Header Files</Filter>
    </ClInclude>
    <ClInclude Include="include\Poco\Util\XMLConfiguration.h">
      <Filter>Configuration\Header Files</Filter>
    </ClInclude>
    <ClInclude Include="include\Poco\Util\HelpFormatter.h">
      <Filter>Options\Header Files</Filter>
    </ClInclude>
    <ClInclude Include="include\Poco\Util\IntValidator.h">
      <Filter>Options\Header Files</Filter>
    </ClInclude>
    <ClInclude Include="include\Poco\Util\Option.h">
      <Filter>Options\Header Files</Filter>
    </ClInclude>
    <ClInclude Include="include\Poco\Util\OptionCallback.h">
      <Filter>Options\Header Files</Filter>
    </ClInclude>
    <ClInclude Include="include\Poco\Util\OptionException.h">
      <Filter>Options\Header Files</Filter>
    </ClInclude>
    <ClInclude Include="include\Poco\Util\OptionProcessor.h">
      <Filter>Options\Header Files</Filter>
    </ClInclude>
    <ClInclude Include="include\Poco\Util\OptionSet.h">
      <Filter>Options\Header Files</Filter>
    </ClInclude>
    <ClInclude Include="include\Poco\Util\RegExpValidator.h">
      <Filter>Options\Header Files</Filter>
    </ClInclude>
    <ClInclude Include="include\Poco\Util\Validator.h">
      <Filter>Options\Header Files</Filter>
    </ClInclude>
    <ClInclude Include="include\Poco\Util\WinRegistryConfiguration.h">
      <Filter>Windows\Header Files</Filter>
    </ClInclude>
    <ClInclude Include="include\Poco\Util\WinRegistryKey.h">
      <Filter>Windows\Header Files</Filter>
    </ClInclude>
    <ClInclude Include="include\Poco\Util\WinService.h">
      <Filter>Windows\Header Files</Filter>
    </ClInclude>
    <ClInclude Include="include\Poco\Util\Util.h">
      <Filter>Util\Header Files</Filter>
    </ClInclude>
    <ClInclude Include="include\Poco\Util\Timer.h">
      <Filter>Timer\Header Files</Filter>
    </ClInclude>
    <ClInclude Include="include\Poco\Util\TimerTask.h">
      <Filter>Timer\Header Files</Filter>
    </ClInclude>
    <ClInclude Include="include\Poco\Util\TimerTaskAdapter.h">
      <Filter>Timer\Header Files</Filter>
    </ClInclude>
  </ItemGroup>
  <ItemGroup>
    <ClCompile Include="src\Application.cpp">
      <Filter>Application\Source Files</Filter>
    </ClCompile>
    <ClCompile Include="src\LoggingSubsystem.cpp">
      <Filter>Application\Source Files</Filter>
    </ClCompile>
    <ClCompile Include="src\ServerApplication.cpp">
      <Filter>Application\Source Files</Filter>
    </ClCompile>
    <ClCompile Include="src\Subsystem.cpp">
      <Filter>Application\Source Files</Filter>
    </ClCompile>
    <ClCompile Include="src\AbstractConfiguration.cpp">
      <Filter>Configuration\Source Files</Filter>
    </ClCompile>
    <ClCompile Include="src\ConfigurationMapper.cpp">
      <Filter>Configuration\Source Files</Filter>
    </ClCompile>
    <ClCompile Include="src\ConfigurationView.cpp">
      <Filter>Configuration\Source Files</Filter>
    </ClCompile>
    <ClCompile Include="src\FilesystemConfiguration.cpp">
      <Filter>Configuration\Source Files</Filter>
    </ClCompile>
    <ClCompile Include="src\IniFileConfiguration.cpp">
      <Filter>Configuration\Source Files</Filter>
    </ClCompile>
    <ClCompile Include="src\JSONConfiguration.cpp">
      <Filter>Configuration\Source Files</Filter>
    </ClCompile>
    <ClCompile Include="src\LayeredConfiguration.cpp">
      <Filter>Configuration\Source Files</Filter>
    </ClCompile>
    <ClCompile Include="src\LoggingConfigurator.cpp">
      <Filter>Configuration\Source Files</Filter>
    </ClCompile>
    <ClCompile Include="src\MapConfiguration.cpp">
      <Filter>Configuration\Source Files</Filter>
    </ClCompile>
    <ClCompile Include="src\PropertyFileConfiguration.cpp">
      <Filter>Configuration\Source Files</Filter>
    </ClCompile>
    <ClCompile Include="src\SystemConfiguration.cpp">
      <Filter>Configuration\Source Files</Filter>
    </ClCompile>
    <ClCompile Include="src\XMLConfiguration.cpp">
      <Filter>Configuration\Source Files</Filter>
    </ClCompile>
    <ClCompile Include="src\HelpFormatter.cpp">
      <Filter>Options\Source Files</Filter>
    </ClCompile>
    <ClCompile Include="src\IntValidator.cpp">
      <Filter>Options\Source Files</Filter>
    </ClCompile>
    <ClCompile Include="src\Option.cpp">
      <Filter>Options\Source Files</Filter>
    </ClCompile>
    <ClCompile Include="src\OptionCallback.cpp">
      <Filter>Options\Source Files</Filter>
    </ClCompile>
    <ClCompile Include="src\OptionException.cpp">
      <Filter>Options\Source Files</Filter>
    </ClCompile>
    <ClCompile Include="src\OptionProcessor.cpp">
      <Filter>Options\Source Files</Filter>
    </ClCompile>
    <ClCompile Include="src\OptionSet.cpp">
      <Filter>Options\Source Files</Filter>
    </ClCompile>
    <ClCompile Include="src\RegExpValidator.cpp">
      <Filter>Options\Source Files</Filter>
    </ClCompile>
    <ClCompile Include="src\Validator.cpp">
      <Filter>Options\Source Files</Filter>
    </ClCompile>
    <ClCompile Include="src\WinRegistryConfiguration.cpp">
      <Filter>Windows\Source Files</Filter>
    </ClCompile>
    <ClCompile Include="src\WinRegistryKey.cpp">
      <Filter>Windows\Source Files</Filter>
    </ClCompile>
    <ClCompile Include="src\WinService.cpp">
      <Filter>Windows\Source Files</Filter>
    </ClCompile>
    <ClCompile Include="src\Timer.cpp">
      <Filter>Timer\Source Files</Filter>
    </ClCompile>
    <ClCompile Include="src\TimerTask.cpp">
      <Filter>Timer\Source Files</Filter>
    </ClCompile>
  </ItemGroup>
  <ItemGroup>
    <ResourceCompile Include="..\DLLVersion.rc" />
  </ItemGroup>
</Project>