<?xml version="1.0" encoding="utf-8"?>
<Project ToolsVersion="4.0" xmlns="http://schemas.microsoft.com/developer/msbuild/2003">
  <ItemGroup>
    <Filter Include="PDFCore">
      <UniqueIdentifier>{ebccfe6e-5d53-478d-a11c-19aea6e7a36f}</UniqueIdentifier>
    </Filter>
    <Filter Include="PDFCore\Header Files">
      <UniqueIdentifier>{978c39b0-7054-44b3-8186-1b0adc78090e}</UniqueIdentifier>
    </Filter>
    <Filter Include="PDFCore\Source Files">
      <UniqueIdentifier>{602970c8-ea26-4952-bf18-ba8a0a2aebd3}</UniqueIdentifier>
    </Filter>
    <Filter Include="_Suite">
      <UniqueIdentifier>{51b87694-efd9-4ec8-b846-d43790ac0dfb}</UniqueIdentifier>
    </Filter>
    <Filter Include="_Suite\Header Files">
      <UniqueIdentifier>{7bca7998-1968-4804-b96a-50a92749b44a}</UniqueIdentifier>
    </Filter>
    <Filter Include="_Suite\Source Files">
      <UniqueIdentifier>{acb3a670-933d-4f18-b02c-25ed2b9d1535}</UniqueIdentifier>
    </Filter>
    <Filter Include="_Driver">
      <UniqueIdentifier>{2b555bc8-dc96-497e-a635-ccdb77df2d0c}</UniqueIdentifier>
    </Filter>
    <Filter Include="_Driver\Source Files">
      <UniqueIdentifier>{ef3711ed-a9dd-4b74-88ae-9db1c0c85c65}</UniqueIdentifier>
    </Filter>
  </ItemGroup>
  <ItemGroup>
    <ClInclude Include="src\PDFTest.h">
      <Filter>PDFCore\Header Files</Filter>
    </ClInclude>
    <ClInclude Include="src\PDFTestSuite.h">
      <Filter>_Suite\Header Files</Filter>
    </ClInclude>
  </ItemGroup>
  <ItemGroup>
    <ClCompile Include="src\PDFTest.cpp">
      <Filter>PDFCore\Source Files</Filter>
    </ClCompile>
    <ClCompile Include="src\PDFTestSuite.cpp">
      <Filter>_Suite\Source Files</Filter>
    </ClCompile>
    <ClCompile Include="src\WinDriver.cpp">
      <Filter>_Driver\Source Files</Filter>
    </ClCompile>
  </ItemGroup>
</Project>