Microsoft Visual Studio Solution File, Format Version 12.00
# Visual Studio 2013
Project("{8BC9CEB8-8B4A-11D0-8D11-00A0C91BC942}") = "download", "download\download_WEC2013_vs120.vcxproj", "{D853F3D6-0D6F-3E8E-82C7-4216D7A21C4D}"
EndProject
Project("{8BC9CEB8-8B4A-11D0-8D11-00A0C91BC942}") = "HTTPSTimeServer", "HTTPSTimeServer\HTTPSTimeServer_WEC2013_vs120.vcxproj", "{F8DE5054-3EC1-3FB4-9FE6-38EE974745A9}"
EndProject
Project("{8BC9CEB8-8B4A-11D0-8D11-00A0C91BC942}") = "Mail", "Mail\Mail_WEC2013_vs120.vcxproj", "{BF75C029-EFC9-3A0F-A8F2-8001C11D1FBA}"
EndProject
Global
	GlobalSection(SolutionConfigurationPlatforms) = preSolution
		debug_shared|SDK_AM335X_SK_WEC2013_V310 = debug_shared|SDK_AM335X_SK_WEC2013_V310
		release_shared|SDK_AM335X_SK_WEC2013_V310 = release_shared|SDK_AM335X_SK_WEC2013_V310
		debug_static_mt|SDK_AM335X_SK_WEC2013_V310 = debug_static_mt|SDK_AM335X_SK_WEC2013_V310
		release_static_mt|SDK_AM335X_SK_WEC2013_V310 = release_static_mt|SDK_AM335X_SK_WEC2013_V310
		debug_static_md|SDK_AM335X_SK_WEC2013_V310 = debug_static_md|SDK_AM335X_SK_WEC2013_V310
		release_static_md|SDK_AM335X_SK_WEC2013_V310 = release_static_md|SDK_AM335X_SK_WEC2013_V310
	EndGlobalSection
	GlobalSection(ProjectConfigurationPlatforms) = postSolution
		{D853F3D6-0D6F-3E8E-82C7-4216D7A21C4D}.debug_shared|SDK_AM335X_SK_WEC2013_V310.ActiveCfg = debug_shared|SDK_AM335X_SK_WEC2013_V310
		{D853F3D6-0D6F-3E8E-82C7-4216D7A21C4D}.debug_shared|SDK_AM335X_SK_WEC2013_V310.Build.0 = debug_shared|SDK_AM335X_SK_WEC2013_V310
		{D853F3D6-0D6F-3E8E-82C7-4216D7A21C4D}.debug_shared|SDK_AM335X_SK_WEC2013_V310.Deploy.0 = debug_shared|SDK_AM335X_SK_WEC2013_V310
		{D853F3D6-0D6F-3E8E-82C7-4216D7A21C4D}.release_shared|SDK_AM335X_SK_WEC2013_V310.ActiveCfg = release_shared|SDK_AM335X_SK_WEC2013_V310
		{D853F3D6-0D6F-3E8E-82C7-4216D7A21C4D}.release_shared|SDK_AM335X_SK_WEC2013_V310.Build.0 = release_shared|SDK_AM335X_SK_WEC2013_V310
		{D853F3D6-0D6F-3E8E-82C7-4216D7A21C4D}.release_shared|SDK_AM335X_SK_WEC2013_V310.Deploy.0 = release_shared|SDK_AM335X_SK_WEC2013_V310
		{D853F3D6-0D6F-3E8E-82C7-4216D7A21C4D}.debug_static_mt|SDK_AM335X_SK_WEC2013_V310.ActiveCfg = debug_static_mt|SDK_AM335X_SK_WEC2013_V310
		{D853F3D6-0D6F-3E8E-82C7-4216D7A21C4D}.debug_static_mt|SDK_AM335X_SK_WEC2013_V310.Build.0 = debug_static_mt|SDK_AM335X_SK_WEC2013_V310
		{D853F3D6-0D6F-3E8E-82C7-4216D7A21C4D}.debug_static_mt|SDK_AM335X_SK_WEC2013_V310.Deploy.0 = debug_static_mt|SDK_AM335X_SK_WEC2013_V310
		{D853F3D6-0D6F-3E8E-82C7-4216D7A21C4D}.release_static_mt|SDK_AM335X_SK_WEC2013_V310.ActiveCfg = release_static_mt|SDK_AM335X_SK_WEC2013_V310
		{D853F3D6-0D6F-3E8E-82C7-4216D7A21C4D}.release_static_mt|SDK_AM335X_SK_WEC2013_V310.Build.0 = release_static_mt|SDK_AM335X_SK_WEC2013_V310
		{D853F3D6-0D6F-3E8E-82C7-4216D7A21C4D}.release_static_mt|SDK_AM335X_SK_WEC2013_V310.Deploy.0 = release_static_mt|SDK_AM335X_SK_WEC2013_V310
		{D853F3D6-0D6F-3E8E-82C7-4216D7A21C4D}.debug_static_md|SDK_AM335X_SK_WEC2013_V310.ActiveCfg = debug_static_md|SDK_AM335X_SK_WEC2013_V310
		{D853F3D6-0D6F-3E8E-82C7-4216D7A21C4D}.debug_static_md|SDK_AM335X_SK_WEC2013_V310.Build.0 = debug_static_md|SDK_AM335X_SK_WEC2013_V310
		{D853F3D6-0D6F-3E8E-82C7-4216D7A21C4D}.debug_static_md|SDK_AM335X_SK_WEC2013_V310.Deploy.0 = debug_static_md|SDK_AM335X_SK_WEC2013_V310
		{D853F3D6-0D6F-3E8E-82C7-4216D7A21C4D}.release_static_md|SDK_AM335X_SK_WEC2013_V310.ActiveCfg = release_static_md|SDK_AM335X_SK_WEC2013_V310
		{D853F3D6-0D6F-3E8E-82C7-4216D7A21C4D}.release_static_md|SDK_AM335X_SK_WEC2013_V310.Build.0 = release_static_md|SDK_AM335X_SK_WEC2013_V310
		{D853F3D6-0D6F-3E8E-82C7-4216D7A21C4D}.release_static_md|SDK_AM335X_SK_WEC2013_V310.Deploy.0 = release_static_md|SDK_AM335X_SK_WEC2013_V310
		{F8DE5054-3EC1-3FB4-9FE6-38EE974745A9}.debug_shared|SDK_AM335X_SK_WEC2013_V310.ActiveCfg = debug_shared|SDK_AM335X_SK_WEC2013_V310
		{F8DE5054-3EC1-3FB4-9FE6-38EE974745A9}.debug_shared|SDK_AM335X_SK_WEC2013_V310.Build.0 = debug_shared|SDK_AM335X_SK_WEC2013_V310
		{F8DE5054-3EC1-3FB4-9FE6-38EE974745A9}.debug_shared|SDK_AM335X_SK_WEC2013_V310.Deploy.0 = debug_shared|SDK_AM335X_SK_WEC2013_V310
		{F8DE5054-3EC1-3FB4-9FE6-38EE974745A9}.release_shared|SDK_AM335X_SK_WEC2013_V310.ActiveCfg = release_shared|SDK_AM335X_SK_WEC2013_V310
		{F8DE5054-3EC1-3FB4-9FE6-38EE974745A9}.release_shared|SDK_AM335X_SK_WEC2013_V310.Build.0 = release_shared|SDK_AM335X_SK_WEC2013_V310
		{F8DE5054-3EC1-3FB4-9FE6-38EE974745A9}.release_shared|SDK_AM335X_SK_WEC2013_V310.Deploy.0 = release_shared|SDK_AM335X_SK_WEC2013_V310
		{F8DE5054-3EC1-3FB4-9FE6-38EE974745A9}.debug_static_mt|SDK_AM335X_SK_WEC2013_V310.ActiveCfg = debug_static_mt|SDK_AM335X_SK_WEC2013_V310
		{F8DE5054-3EC1-3FB4-9FE6-38EE974745A9}.debug_static_mt|SDK_AM335X_SK_WEC2013_V310.Build.0 = debug_static_mt|SDK_AM335X_SK_WEC2013_V310
		{F8DE5054-3EC1-3FB4-9FE6-38EE974745A9}.debug_static_mt|SDK_AM335X_SK_WEC2013_V310.Deploy.0 = debug_static_mt|SDK_AM335X_SK_WEC2013_V310
		{F8DE5054-3EC1-3FB4-9FE6-38EE974745A9}.release_static_mt|SDK_AM335X_SK_WEC2013_V310.ActiveCfg = release_static_mt|SDK_AM335X_SK_WEC2013_V310
		{F8DE5054-3EC1-3FB4-9FE6-38EE974745A9}.release_static_mt|SDK_AM335X_SK_WEC2013_V310.Build.0 = release_static_mt|SDK_AM335X_SK_WEC2013_V310
		{F8DE5054-3EC1-3FB4-9FE6-38EE974745A9}.release_static_mt|SDK_AM335X_SK_WEC2013_V310.Deploy.0 = release_static_mt|SDK_AM335X_SK_WEC2013_V310
		{F8DE5054-3EC1-3FB4-9FE6-38EE974745A9}.debug_static_md|SDK_AM335X_SK_WEC2013_V310.ActiveCfg = debug_static_md|SDK_AM335X_SK_WEC2013_V310
		{F8DE5054-3EC1-3FB4-9FE6-38EE974745A9}.debug_static_md|SDK_AM335X_SK_WEC2013_V310.Build.0 = debug_static_md|SDK_AM335X_SK_WEC2013_V310
		{F8DE5054-3EC1-3FB4-9FE6-38EE974745A9}.debug_static_md|SDK_AM335X_SK_WEC2013_V310.Deploy.0 = debug_static_md|SDK_AM335X_SK_WEC2013_V310
		{F8DE5054-3EC1-3FB4-9FE6-38EE974745A9}.release_static_md|SDK_AM335X_SK_WEC2013_V310.ActiveCfg = release_static_md|SDK_AM335X_SK_WEC2013_V310
		{F8DE5054-3EC1-3FB4-9FE6-38EE974745A9}.release_static_md|SDK_AM335X_SK_WEC2013_V310.Build.0 = release_static_md|SDK_AM335X_SK_WEC2013_V310
		{F8DE5054-3EC1-3FB4-9FE6-38EE974745A9}.release_static_md|SDK_AM335X_SK_WEC2013_V310.Deploy.0 = release_static_md|SDK_AM335X_SK_WEC2013_V310
		{BF75C029-EFC9-3A0F-A8F2-8001C11D1FBA}.debug_shared|SDK_AM335X_SK_WEC2013_V310.ActiveCfg = debug_shared|SDK_AM335X_SK_WEC2013_V310
		{BF75C029-EFC9-3A0F-A8F2-8001C11D1FBA}.debug_shared|SDK_AM335X_SK_WEC2013_V310.Build.0 = debug_shared|SDK_AM335X_SK_WEC2013_V310
		{BF75C029-EFC9-3A0F-A8F2-8001C11D1FBA}.debug_shared|SDK_AM335X_SK_WEC2013_V310.Deploy.0 = debug_shared|SDK_AM335X_SK_WEC2013_V310
		{BF75C029-EFC9-3A0F-A8F2-8001C11D1FBA}.release_shared|SDK_AM335X_SK_WEC2013_V310.ActiveCfg = release_shared|SDK_AM335X_SK_WEC2013_V310
		{BF75C029-EFC9-3A0F-A8F2-8001C11D1FBA}.release_shared|SDK_AM335X_SK_WEC2013_V310.Build.0 = release_shared|SDK_AM335X_SK_WEC2013_V310
		{BF75C029-EFC9-3A0F-A8F2-8001C11D1FBA}.release_shared|SDK_AM335X_SK_WEC2013_V310.Deploy.0 = release_shared|SDK_AM335X_SK_WEC2013_V310
		{BF75C029-EFC9-3A0F-A8F2-8001C11D1FBA}.debug_static_mt|SDK_AM335X_SK_WEC2013_V310.ActiveCfg = debug_static_mt|SDK_AM335X_SK_WEC2013_V310
		{BF75C029-EFC9-3A0F-A8F2-8001C11D1FBA}.debug_static_mt|SDK_AM335X_SK_WEC2013_V310.Build.0 = debug_static_mt|SDK_AM335X_SK_WEC2013_V310
		{BF75C029-EFC9-3A0F-A8F2-8001C11D1FBA}.debug_static_mt|SDK_AM335X_SK_WEC2013_V310.Deploy.0 = debug_static_mt|SDK_AM335X_SK_WEC2013_V310
		{BF75C029-EFC9-3A0F-A8F2-8001C11D1FBA}.release_static_mt|SDK_AM335X_SK_WEC2013_V310.ActiveCfg = release_static_mt|SDK_AM335X_SK_WEC2013_V310
		{BF75C029-EFC9-3A0F-A8F2-8001C11D1FBA}.release_static_mt|SDK_AM335X_SK_WEC2013_V310.Build.0 = release_static_mt|SDK_AM335X_SK_WEC2013_V310
		{BF75C029-EFC9-3A0F-A8F2-8001C11D1FBA}.release_static_mt|SDK_AM335X_SK_WEC2013_V310.Deploy.0 = release_static_mt|SDK_AM335X_SK_WEC2013_V310
		{BF75C029-EFC9-3A0F-A8F2-8001C11D1FBA}.debug_static_md|SDK_AM335X_SK_WEC2013_V310.ActiveCfg = debug_static_md|SDK_AM335X_SK_WEC2013_V310
		{BF75C029-EFC9-3A0F-A8F2-8001C11D1FBA}.debug_static_md|SDK_AM335X_SK_WEC2013_V310.Build.0 = debug_static_md|SDK_AM335X_SK_WEC2013_V310
		{BF75C029-EFC9-3A0F-A8F2-8001C11D1FBA}.debug_static_md|SDK_AM335X_SK_WEC2013_V310.Deploy.0 = debug_static_md|SDK_AM335X_SK_WEC2013_V310
		{BF75C029-EFC9-3A0F-A8F2-8001C11D1FBA}.release_static_md|SDK_AM335X_SK_WEC2013_V310.ActiveCfg = release_static_md|SDK_AM335X_SK_WEC2013_V310
		{BF75C029-EFC9-3A0F-A8F2-8001C11D1FBA}.release_static_md|SDK_AM335X_SK_WEC2013_V310.Build.0 = release_static_md|SDK_AM335X_SK_WEC2013_V310
		{BF75C029-EFC9-3A0F-A8F2-8001C11D1FBA}.release_static_md|SDK_AM335X_SK_WEC2013_V310.Deploy.0 = release_static_md|SDK_AM335X_SK_WEC2013_V310
	EndGlobalSection
	GlobalSection(SolutionProperties) = preSolution
		HideSolutionNode = FALSE
	EndGlobalSection
EndGlobal
