<?xml version="1.0" encoding="utf-8"?>
<Project ToolsVersion="4.0" xmlns="http://schemas.microsoft.com/developer/msbuild/2003">
  <ItemGroup>
    <Filter Include="SQLite">
      <UniqueIdentifier>{b22fd4bb-b5bf-4e2e-be14-b4b17e1d8f19}</UniqueIdentifier>
    </Filter>
    <Filter Include="SQLite\Header Files">
      <UniqueIdentifier>{505b09e8-a6e9-499b-9d18-3d696ac3d638}</UniqueIdentifier>
    </Filter>
    <Filter Include="SQLite\Source Files">
      <UniqueIdentifier>{ec16a922-0de0-4ee1-9097-56a8551b98bf}</UniqueIdentifier>
    </Filter>
    <Filter Include="_Suite">
      <UniqueIdentifier>{21623dd2-fdab-4706-98db-c3d83d3ab81e}</UniqueIdentifier>
    </Filter>
    <Filter Include="_Suite\Header Files">
      <UniqueIdentifier>{5755e5ac-e583-4611-b501-96206d343b46}</UniqueIdentifier>
    </Filter>
    <Filter Include="_Suite\Source Files">
      <UniqueIdentifier>{2c7ea6b0-2fd8-4777-9e8e-cf87babc325c}</UniqueIdentifier>
    </Filter>
    <Filter Include="_Driver">
      <UniqueIdentifier>{dff32bd3-4cd2-4a1a-8974-8a832bb0912e}</UniqueIdentifier>
    </Filter>
    <Filter Include="_Driver\Source Files">
      <UniqueIdentifier>{008d657b-519e-48bc-aa26-db67bd8dbeee}</UniqueIdentifier>
    </Filter>
  </ItemGroup>
  <ItemGroup>
    <ClInclude Include="src\SQLiteTest.h">
      <Filter>SQLite\Header Files</Filter>
    </ClInclude>
    <ClInclude Include="src\SQLiteTestSuite.h">
      <Filter>_Suite\Header Files</Filter>
    </ClInclude>
  </ItemGroup>
  <ItemGroup>
    <ClCompile Include="src\SQLiteTest.cpp">
      <Filter>SQLite\Source Files</Filter>
    </ClCompile>
    <ClCompile Include="src\SQLiteTestSuite.cpp">
      <Filter>_Suite\Source Files</Filter>
    </ClCompile>
    <ClCompile Include="src\WinDriver.cpp">
      <Filter>_Driver\Source Files</Filter>
    </ClCompile>
  </ItemGroup>
</Project>