<?xml version="1.0" encoding="utf-8"?>
<Project ToolsVersion="4.0" xmlns="http://schemas.microsoft.com/developer/msbuild/2003">
  <ItemGroup>
    <Filter Include="Source Files">
      <UniqueIdentifier>{9b35eb85-8f87-4033-bd81-7d3699f1d129}</UniqueIdentifier>
    </Filter>
    <Filter Include="Header Files">
      <UniqueIdentifier>{aa14cb81-e799-49ee-be52-a15dbb9bcfee}</UniqueIdentifier>
    </Filter>
  </ItemGroup>
  <ItemGroup>
    <ClCompile Include="src\Array.cpp">
      <Filter>Source Files</Filter>
    </ClCompile>
    <ClCompile Include="src\AsyncReader.cpp">
      <Filter>Source Files</Filter>
    </ClCompile>
    <ClCompile Include="src\Client.cpp">
      <Filter>Source Files</Filter>
    </ClCompile>
    <ClCompile Include="src\Command.cpp">
      <Filter>Source Files</Filter>
    </ClCompile>
    <ClCompile Include="src\Error.cpp">
      <Filter>Source Files</Filter>
    </ClCompile>
    <ClCompile Include="src\Exception.cpp">
      <Filter>Source Files</Filter>
    </ClCompile>
    <ClCompile Include="src\RedisEventArgs.cpp">
      <Filter>Source Files</Filter>
    </ClCompile>
    <ClCompile Include="src\RedisStream.cpp">
      <Filter>Source Files</Filter>
    </ClCompile>
    <ClCompile Include="src\Type.cpp">
      <Filter>Source Files</Filter>
    </ClCompile>
  </ItemGroup>
  <ItemGroup>
    <ClInclude Include="include\Poco\Redis\Array.h">
      <Filter>Header Files</Filter>
    </ClInclude>
    <ClInclude Include="include\Poco\Redis\AsyncReader.h">
      <Filter>Header Files</Filter>
    </ClInclude>
    <ClInclude Include="include\Poco\Redis\Client.h">
      <Filter>Header Files</Filter>
    </ClInclude>
    <ClInclude Include="include\Poco\Redis\Command.h">
      <Filter>Header Files</Filter>
    </ClInclude>
    <ClInclude Include="include\Poco\Redis\Error.h">
      <Filter>Header Files</Filter>
    </ClInclude>
    <ClInclude Include="include\Poco\Redis\Exception.h">
      <Filter>Header Files</Filter>
    </ClInclude>
    <ClInclude Include="include\Poco\Redis\PoolableConnectionFactory.h">
      <Filter>Header Files</Filter>
    </ClInclude>
    <ClInclude Include="include\Poco\Redis\Redis.h">
      <Filter>Header Files</Filter>
    </ClInclude>
    <ClInclude Include="include\Poco\Redis\RedisEventArgs.h">
      <Filter>Header Files</Filter>
    </ClInclude>
    <ClInclude Include="include\Poco\Redis\RedisStream.h">
      <Filter>Header Files</Filter>
    </ClInclude>
    <ClInclude Include="include\Poco\Redis\Type.h">
      <Filter>Header Files</Filter>
    </ClInclude>
  </ItemGroup>
  <ItemGroup>
    <ResourceCompile Include="..\DLLVersion.rc" />
  </ItemGroup>
</Project>