<?xml version="1.0" encoding="utf-8"?>
<Project ToolsVersion="4.0" xmlns="http://schemas.microsoft.com/developer/msbuild/2003">
  <ItemGroup>
    <Filter Include="Archive">
      <UniqueIdentifier>{efd9d6b4-edf7-472b-8d08-5882638d938d}</UniqueIdentifier>
    </Filter>
    <Filter Include="Archive\Header Files">
      <UniqueIdentifier>{42d497b4-0115-49e4-85fb-2d7e1c28902d}</UniqueIdentifier>
    </Filter>
    <Filter Include="Archive\Source Files">
      <UniqueIdentifier>{31ee74a1-f866-49f7-a063-277089b2cbde}</UniqueIdentifier>
    </Filter>
    <Filter Include="LZMA SDK">
      <UniqueIdentifier>{5187d015-1c63-4044-86ec-fe688e59a218}</UniqueIdentifier>
    </Filter>
    <Filter Include="LZMA SDK\Header Files">
      <UniqueIdentifier>{a258ddbe-dc59-42f6-9b02-69a7348df03b}</UniqueIdentifier>
    </Filter>
    <Filter Include="LZMA SDK\Source Files">
      <UniqueIdentifier>{4b588a7c-cea4-4b61-869b-2b4b94297efe}</UniqueIdentifier>
    </Filter>
    <Filter Include="SevenZip">
      <UniqueIdentifier>{b0f6f67c-3b1f-45b5-908e-08fdc8a892a6}</UniqueIdentifier>
    </Filter>
    <Filter Include="SevenZip\Header Files">
      <UniqueIdentifier>{e2cd17e3-1325-4843-974f-67d3231cdd73}</UniqueIdentifier>
    </Filter>
    <Filter Include="SevenZip\Source Files">
      <UniqueIdentifier>{74bfbbce-d598-47a4-aa68-41882f079d00}</UniqueIdentifier>
    </Filter>
  </ItemGroup>
  <ItemGroup>
    <ClInclude Include="include\Poco\SevenZip\Archive.h">
      <Filter>Archive\Header Files</Filter>
    </ClInclude>
    <ClInclude Include="include\Poco\SevenZip\ArchiveEntry.h">
      <Filter>Archive\Header Files</Filter>
    </ClInclude>
    <ClInclude Include="src\7z.h">
      <Filter>LZMA SDK\Header Files</Filter>
    </ClInclude>
    <ClInclude Include="src\7zBuf.h">
      <Filter>LZMA SDK\Header Files</Filter>
    </ClInclude>
    <ClInclude Include="src\7zCrc.h">
      <Filter>LZMA SDK\Header Files</Filter>
    </ClInclude>
    <ClInclude Include="src\7zFile.h">
      <Filter>LZMA SDK\Header Files</Filter>
    </ClInclude>
    <ClInclude Include="src\7zVersion.h">
      <Filter>LZMA SDK\Header Files</Filter>
    </ClInclude>
    <ClInclude Include="src\Bcj2.h">
      <Filter>LZMA SDK\Header Files</Filter>
    </ClInclude>
    <ClInclude Include="src\Bra.h">
      <Filter>LZMA SDK\Header Files</Filter>
    </ClInclude>
    <ClInclude Include="src\CpuArch.h">
      <Filter>LZMA SDK\Header Files</Filter>
    </ClInclude>
    <ClInclude Include="src\Lzma2Dec.h">
      <Filter>LZMA SDK\Header Files</Filter>
    </ClInclude>
    <ClInclude Include="src\LzmaDec.h">
      <Filter>LZMA SDK\Header Files</Filter>
    </ClInclude>
    <ClInclude Include="src\Ppmd.h">
      <Filter>LZMA SDK\Header Files</Filter>
    </ClInclude>
    <ClInclude Include="src\Ppmd7.h">
      <Filter>LZMA SDK\Header Files</Filter>
    </ClInclude>
    <ClInclude Include="include\Poco\SevenZip\SevenZip.h">
      <Filter>SevenZip\Header Files</Filter>
    </ClInclude>
  </ItemGroup>
  <ItemGroup>
    <ClCompile Include="src\Archive.cpp">
      <Filter>Archive\Source Files</Filter>
    </ClCompile>
    <ClCompile Include="src\ArchiveEntry.cpp">
      <Filter>Archive\Source Files</Filter>
    </ClCompile>
    <ClCompile Include="src\7zAlloc.c">
      <Filter>LZMA SDK\Source Files</Filter>
    </ClCompile>
    <ClCompile Include="src\7zBuf.c">
      <Filter>LZMA SDK\Source Files</Filter>
    </ClCompile>
    <ClCompile Include="src\7zBuf2.c">
      <Filter>LZMA SDK\Source Files</Filter>
    </ClCompile>
    <ClCompile Include="src\7zCrc.c">
      <Filter>LZMA SDK\Source Files</Filter>
    </ClCompile>
    <ClCompile Include="src\7zCrcOpt.c">
      <Filter>LZMA SDK\Source Files</Filter>
    </ClCompile>
    <ClCompile Include="src\7zDec.c">
      <Filter>LZMA SDK\Source Files</Filter>
    </ClCompile>
    <ClCompile Include="src\7zFile.c">
      <Filter>LZMA SDK\Source Files</Filter>
    </ClCompile>
    <ClCompile Include="src\7zIn.c">
      <Filter>LZMA SDK\Source Files</Filter>
    </ClCompile>
    <ClCompile Include="src\7zStream.c">
      <Filter>LZMA SDK\Source Files</Filter>
    </ClCompile>
    <ClCompile Include="src\Bcj2.c">
      <Filter>LZMA SDK\Source Files</Filter>
    </ClCompile>
    <ClCompile Include="src\Bra.c">
      <Filter>LZMA SDK\Source Files</Filter>
    </ClCompile>
    <ClCompile Include="src\Bra86.c">
      <Filter>LZMA SDK\Source Files</Filter>
    </ClCompile>
    <ClCompile Include="src\CpuArch.c">
      <Filter>LZMA SDK\Source Files</Filter>
    </ClCompile>
    <ClCompile Include="src\Lzma2Dec.c">
      <Filter>LZMA SDK\Source Files</Filter>
    </ClCompile>
    <ClCompile Include="src\LzmaDec.c">
      <Filter>LZMA SDK\Source Files</Filter>
    </ClCompile>
    <ClCompile Include="src\Ppmd7.c">
      <Filter>LZMA SDK\Source Files</Filter>
    </ClCompile>
    <ClCompile Include="src\Ppmd7Dec.c">
      <Filter>LZMA SDK\Source Files</Filter>
    </ClCompile>
  </ItemGroup>
  <ItemGroup>
    <ResourceCompile Include="..\DLLVersion.rc" />
  </ItemGroup>
</Project>