<?xml version="1.0" encoding="utf-8"?>
<Project ToolsVersion="4.0" xmlns="http://schemas.microsoft.com/developer/msbuild/2003">
  <ItemGroup>
    <Filter Include="Archive">
      <UniqueIdentifier>{708d493f-4684-4832-923a-800e800426da}</UniqueIdentifier>
    </Filter>
    <Filter Include="Archive\Header Files">
      <UniqueIdentifier>{974bf54c-dcf5-4bfb-b4d2-9b358e7d91a1}</UniqueIdentifier>
    </Filter>
    <Filter Include="Archive\Source Files">
      <UniqueIdentifier>{75954908-dfde-45de-8ad2-38c0249b7a47}</UniqueIdentifier>
    </Filter>
    <Filter Include="LZMA SDK">
      <UniqueIdentifier>{67e166af-fb0d-489a-aa30-21bcccaafece}</UniqueIdentifier>
    </Filter>
    <Filter Include="LZMA SDK\Header Files">
      <UniqueIdentifier>{eaf5c71e-c9ef-4b6c-8ac4-2aadad77bdda}</UniqueIdentifier>
    </Filter>
    <Filter Include="LZMA SDK\Source Files">
      <UniqueIdentifier>{a17fc7e4-61e0-4c31-b53b-8afefc31862e}</UniqueIdentifier>
    </Filter>
    <Filter Include="SevenZip">
      <UniqueIdentifier>{b626cbf1-c9e2-4587-b8be-91056d50fdbe}</UniqueIdentifier>
    </Filter>
    <Filter Include="SevenZip\Header Files">
      <UniqueIdentifier>{2689fe08-9ed1-40ef-a413-8fb8bd8bdcd8}</UniqueIdentifier>
    </Filter>
    <Filter Include="SevenZip\Source Files">
      <UniqueIdentifier>{80bda1fd-e571-4b0a-b7e9-9d4e2a17ad44}</UniqueIdentifier>
    </Filter>
  </ItemGroup>
  <ItemGroup>
    <ClInclude Include="include\Poco\SevenZip\Archive.h">
      <Filter>Archive\Header Files</Filter>
    </ClInclude>
    <ClInclude Include="include\Poco\SevenZip\ArchiveEntry.h">
      <Filter>Archive\Header Files</Filter>
    </ClInclude>
    <ClInclude Include="src\7z.h">
      <Filter>LZMA SDK\Header Files</Filter>
    </ClInclude>
    <ClInclude Include="src\7zBuf.h">
      <Filter>LZMA SDK\Header Files</Filter>
    </ClInclude>
    <ClInclude Include="src\7zCrc.h">
      <Filter>LZMA SDK\Header Files</Filter>
    </ClInclude>
    <ClInclude Include="src\7zFile.h">
      <Filter>LZMA SDK\Header Files</Filter>
    </ClInclude>
    <ClInclude Include="src\7zVersion.h">
      <Filter>LZMA SDK\Header Files</Filter>
    </ClInclude>
    <ClInclude Include="src\Bcj2.h">
      <Filter>LZMA SDK\Header Files</Filter>
    </ClInclude>
    <ClInclude Include="src\Bra.h">
      <Filter>LZMA SDK\Header Files</Filter>
    </ClInclude>
    <ClInclude Include="src\CpuArch.h">
      <Filter>LZMA SDK\Header Files</Filter>
    </ClInclude>
    <ClInclude Include="src\Lzma2Dec.h">
      <Filter>LZMA SDK\Header Files</Filter>
    </ClInclude>
    <ClInclude Include="src\LzmaDec.h">
      <Filter>LZMA SDK\Header Files</Filter>
    </ClInclude>
    <ClInclude Include="src\Ppmd.h">
      <Filter>LZMA SDK\Header Files</Filter>
    </ClInclude>
    <ClInclude Include="src\Ppmd7.h">
      <Filter>LZMA SDK\Header Files</Filter>
    </ClInclude>
    <ClInclude Include="include\Poco\SevenZip\SevenZip.h">
      <Filter>SevenZip\Header Files</Filter>
    </ClInclude>
  </ItemGroup>
  <ItemGroup>
    <ClCompile Include="src\Archive.cpp">
      <Filter>Archive\Source Files</Filter>
    </ClCompile>
    <ClCompile Include="src\ArchiveEntry.cpp">
      <Filter>Archive\Source Files</Filter>
    </ClCompile>
    <ClCompile Include="src\7zAlloc.c">
      <Filter>LZMA SDK\Source Files</Filter>
    </ClCompile>
    <ClCompile Include="src\7zBuf.c">
      <Filter>LZMA SDK\Source Files</Filter>
    </ClCompile>
    <ClCompile Include="src\7zBuf2.c">
      <Filter>LZMA SDK\Source Files</Filter>
    </ClCompile>
    <ClCompile Include="src\7zCrc.c">
      <Filter>LZMA SDK\Source Files</Filter>
    </ClCompile>
    <ClCompile Include="src\7zCrcOpt.c">
      <Filter>LZMA SDK\Source Files</Filter>
    </ClCompile>
    <ClCompile Include="src\7zDec.c">
      <Filter>LZMA SDK\Source Files</Filter>
    </ClCompile>
    <ClCompile Include="src\7zFile.c">
      <Filter>LZMA SDK\Source Files</Filter>
    </ClCompile>
    <ClCompile Include="src\7zIn.c">
      <Filter>LZMA SDK\Source Files</Filter>
    </ClCompile>
    <ClCompile Include="src\7zStream.c">
      <Filter>LZMA SDK\Source Files</Filter>
    </ClCompile>
    <ClCompile Include="src\Bcj2.c">
      <Filter>LZMA SDK\Source Files</Filter>
    </ClCompile>
    <ClCompile Include="src\Bra.c">
      <Filter>LZMA SDK\Source Files</Filter>
    </ClCompile>
    <ClCompile Include="src\Bra86.c">
      <Filter>LZMA SDK\Source Files</Filter>
    </ClCompile>
    <ClCompile Include="src\CpuArch.c">
      <Filter>LZMA SDK\Source Files</Filter>
    </ClCompile>
    <ClCompile Include="src\Lzma2Dec.c">
      <Filter>LZMA SDK\Source Files</Filter>
    </ClCompile>
    <ClCompile Include="src\LzmaDec.c">
      <Filter>LZMA SDK\Source Files</Filter>
    </ClCompile>
    <ClCompile Include="src\Ppmd7.c">
      <Filter>LZMA SDK\Source Files</Filter>
    </ClCompile>
    <ClCompile Include="src\Ppmd7Dec.c">
      <Filter>LZMA SDK\Source Files</Filter>
    </ClCompile>
  </ItemGroup>
  <ItemGroup>
    <ResourceCompile Include="..\DLLVersion.rc" />
  </ItemGroup>
</Project>