<?xml version="1.0" encoding="utf-8"?>
<Project ToolsVersion="4.0" xmlns="http://schemas.microsoft.com/developer/msbuild/2003">
  <ItemGroup>
    <Filter Include="SQLite">
      <UniqueIdentifier>{3e8f09d4-7236-430b-8417-f47aa4855565}</UniqueIdentifier>
    </Filter>
    <Filter Include="SQLite\Header Files">
      <UniqueIdentifier>{361e291f-2370-4b87-944b-0aa3242e2440}</UniqueIdentifier>
    </Filter>
    <Filter Include="SQLite\Source Files">
      <UniqueIdentifier>{1f32d0ff-26e4-4927-ba0a-5d0b577fadd2}</UniqueIdentifier>
    </Filter>
    <Filter Include="_Suite">
      <UniqueIdentifier>{a03b95ef-e257-43a6-b360-c3b0766eca89}</UniqueIdentifier>
    </Filter>
    <Filter Include="_Suite\Header Files">
      <UniqueIdentifier>{be3915d8-33a0-4db6-bd7e-749f90a007f7}</UniqueIdentifier>
    </Filter>
    <Filter Include="_Suite\Source Files">
      <UniqueIdentifier>{2ba79a1c-2135-4305-9ce9-f6baf1a0c38d}</UniqueIdentifier>
    </Filter>
    <Filter Include="_Driver">
      <UniqueIdentifier>{24ceff91-3c9d-4a24-bdee-003ca740b771}</UniqueIdentifier>
    </Filter>
    <Filter Include="_Driver\Source Files">
      <UniqueIdentifier>{ebf5080c-ecfe-4a37-9979-29d1cccb406c}</UniqueIdentifier>
    </Filter>
  </ItemGroup>
  <ItemGroup>
    <ClInclude Include="src\SQLiteTest.h">
      <Filter>SQLite\Header Files</Filter>
    </ClInclude>
    <ClInclude Include="src\SQLiteTestSuite.h">
      <Filter>_Suite\Header Files</Filter>
    </ClInclude>
  </ItemGroup>
  <ItemGroup>
    <ClCompile Include="src\SQLiteTest.cpp">
      <Filter>SQLite\Source Files</Filter>
    </ClCompile>
    <ClCompile Include="src\SQLiteTestSuite.cpp">
      <Filter>_Suite\Source Files</Filter>
    </ClCompile>
    <ClCompile Include="src\Driver.cpp">
      <Filter>_Driver\Source Files</Filter>
    </ClCompile>
  </ItemGroup>
</Project>