<?xml version="1.0" encoding="utf-8"?>
<Project ToolsVersion="4.0" xmlns="http://schemas.microsoft.com/developer/msbuild/2003">
  <ItemGroup>
    <Filter Include="SQLite">
      <UniqueIdentifier>{cbc44029-9806-4d56-9c5a-d80eee39b227}</UniqueIdentifier>
    </Filter>
    <Filter Include="SQLite\Header Files">
      <UniqueIdentifier>{2fd204d0-1d8d-40ec-9ba8-c7ce3ccc81b5}</UniqueIdentifier>
    </Filter>
    <Filter Include="SQLite\Source Files">
      <UniqueIdentifier>{03cce271-f142-40f9-b9f1-bee22a06622f}</UniqueIdentifier>
    </Filter>
    <Filter Include="_Suite">
      <UniqueIdentifier>{4f36f203-306d-4851-bb6c-3c01b43c6e23}</UniqueIdentifier>
    </Filter>
    <Filter Include="_Suite\Header Files">
      <UniqueIdentifier>{464c59cb-b8a3-41d3-a44f-25eb947efaf2}</UniqueIdentifier>
    </Filter>
    <Filter Include="_Suite\Source Files">
      <UniqueIdentifier>{9e3e54ff-1d5c-4b17-b107-3f79203a345c}</UniqueIdentifier>
    </Filter>
    <Filter Include="_Driver">
      <UniqueIdentifier>{bdebdfad-263e-4fae-bf60-7045c8baa50f}</UniqueIdentifier>
    </Filter>
    <Filter Include="_Driver\Source Files">
      <UniqueIdentifier>{8c62598f-68bb-4cd6-a06e-32743150f5cc}</UniqueIdentifier>
    </Filter>
  </ItemGroup>
  <ItemGroup>
    <ClInclude Include="src\SQLiteTest.h">
      <Filter>SQLite\Header Files</Filter>
    </ClInclude>
    <ClInclude Include="src\SQLiteTestSuite.h">
      <Filter>_Suite\Header Files</Filter>
    </ClInclude>
  </ItemGroup>
  <ItemGroup>
    <ClCompile Include="src\SQLiteTest.cpp">
      <Filter>SQLite\Source Files</Filter>
    </ClCompile>
    <ClCompile Include="src\SQLiteTestSuite.cpp">
      <Filter>_Suite\Source Files</Filter>
    </ClCompile>
    <ClCompile Include="src\WinDriver.cpp">
      <Filter>_Driver\Source Files</Filter>
    </ClCompile>
  </ItemGroup>
</Project>