<?xml version="1.0" encoding="utf-8"?>
<Project ToolsVersion="4.0" xmlns="http://schemas.microsoft.com/developer/msbuild/2003">
  <ItemGroup>
    <Filter Include="SQLite">
      <UniqueIdentifier>{814a54ba-ec1b-4d61-8df8-e14e3dddb2ca}</UniqueIdentifier>
    </Filter>
    <Filter Include="SQLite\Header Files">
      <UniqueIdentifier>{6a060942-0154-4533-8030-8c76021bc44e}</UniqueIdentifier>
    </Filter>
    <Filter Include="SQLite\Source Files">
      <UniqueIdentifier>{2064b339-ece9-442c-9c13-59814921ba48}</UniqueIdentifier>
    </Filter>
    <Filter Include="_Suite">
      <UniqueIdentifier>{8e3fcbf2-ef51-49b4-b270-881180821968}</UniqueIdentifier>
    </Filter>
    <Filter Include="_Suite\Header Files">
      <UniqueIdentifier>{0ddddfa1-92f0-43c4-b9db-24754475447d}</UniqueIdentifier>
    </Filter>
    <Filter Include="_Suite\Source Files">
      <UniqueIdentifier>{b2313860-0a9b-4dbe-8b5f-1ab142307c52}</UniqueIdentifier>
    </Filter>
    <Filter Include="_Driver">
      <UniqueIdentifier>{7cda1313-1885-4700-a24c-5ee1c692060e}</UniqueIdentifier>
    </Filter>
    <Filter Include="_Driver\Source Files">
      <UniqueIdentifier>{b28946fb-4705-4e50-88a0-44d64061bfd2}</UniqueIdentifier>
    </Filter>
  </ItemGroup>
  <ItemGroup>
    <ClInclude Include="src\SQLiteTest.h">
      <Filter>SQLite\Header Files</Filter>
    </ClInclude>
    <ClInclude Include="src\SQLiteTestSuite.h">
      <Filter>_Suite\Header Files</Filter>
    </ClInclude>
  </ItemGroup>
  <ItemGroup>
    <ClCompile Include="src\SQLiteTest.cpp">
      <Filter>SQLite\Source Files</Filter>
    </ClCompile>
    <ClCompile Include="src\SQLiteTestSuite.cpp">
      <Filter>_Suite\Source Files</Filter>
    </ClCompile>
    <ClCompile Include="src\Driver.cpp">
      <Filter>_Driver\Source Files</Filter>
    </ClCompile>
  </ItemGroup>
</Project>