<?xml version="1.0" encoding="utf-8"?>
<Project ToolsVersion="4.0" xmlns="http://schemas.microsoft.com/developer/msbuild/2003">
  <ItemGroup>
    <Filter Include="CppParser">
      <UniqueIdentifier>{6a940451-fef5-4565-bb67-8db8842d7d33}</UniqueIdentifier>
    </Filter>
    <Filter Include="CppParser\Header Files">
      <UniqueIdentifier>{42526312-155f-4266-9152-0db251c94629}</UniqueIdentifier>
    </Filter>
    <Filter Include="CppParser\Source Files">
      <UniqueIdentifier>{4ed6110b-4572-465a-b6db-9fcc77dfd0b3}</UniqueIdentifier>
    </Filter>
    <Filter Include="_Suite">
      <UniqueIdentifier>{557b0c4e-48db-4a6f-bd3c-6eda46cc6c9a}</UniqueIdentifier>
    </Filter>
    <Filter Include="_Suite\Header Files">
      <UniqueIdentifier>{593dbb09-acd3-4cc9-9877-b4b727678329}</UniqueIdentifier>
    </Filter>
    <Filter Include="_Suite\Source Files">
      <UniqueIdentifier>{d3db1236-19d8-43d9-8c8e-971056091504}</UniqueIdentifier>
    </Filter>
    <Filter Include="_Driver">
      <UniqueIdentifier>{0f1c699c-7f52-462d-85ee-2cb3a5879f27}</UniqueIdentifier>
    </Filter>
    <Filter Include="_Driver\Source Files">
      <UniqueIdentifier>{ab271515-b470-4d41-b1e8-99e25b618523}</UniqueIdentifier>
    </Filter>
    <Filter Include="Attributes">
      <UniqueIdentifier>{ed8a1f4b-a90b-46a3-b2b7-2bbd1b7d9cc2}</UniqueIdentifier>
    </Filter>
    <Filter Include="Attributes\Header Files">
      <UniqueIdentifier>{e0b08c28-c144-4b37-b76c-ae059698c0ec}</UniqueIdentifier>
    </Filter>
    <Filter Include="Attributes\Source Files">
      <UniqueIdentifier>{4e1a3733-97b8-4cec-9e92-559ffff6ab15}</UniqueIdentifier>
    </Filter>
  </ItemGroup>
  <ItemGroup>
    <ClInclude Include="src\CppParserTest.h">
      <Filter>CppParser\Header Files</Filter>
    </ClInclude>
    <ClInclude Include="src\CppParserTestSuite.h">
      <Filter>_Suite\Header Files</Filter>
    </ClInclude>
    <ClInclude Include="src\AttributesParserTest.h">
      <Filter>Attributes\Header Files</Filter>
    </ClInclude>
    <ClInclude Include="src\AttributesTestSuite.h">
      <Filter>Attributes\Header Files</Filter>
    </ClInclude>
  </ItemGroup>
  <ItemGroup>
    <ClCompile Include="src\CppParserTest.cpp">
      <Filter>CppParser\Source Files</Filter>
    </ClCompile>
    <ClCompile Include="src\CppParserTestSuite.cpp">
      <Filter>_Suite\Source Files</Filter>
    </ClCompile>
    <ClCompile Include="src\WinDriver.cpp">
      <Filter>_Driver\Source Files</Filter>
    </ClCompile>
    <ClCompile Include="src\AttributesParserTest.cpp">
      <Filter>Attributes\Source Files</Filter>
    </ClCompile>
    <ClCompile Include="src\AttributesTestSuite.cpp">
      <Filter>Attributes\Source Files</Filter>
    </ClCompile>
  </ItemGroup>
</Project>