<?xml version="1.0" encoding="utf-8"?>
<Project ToolsVersion="4.0" xmlns="http://schemas.microsoft.com/developer/msbuild/2003">
  <ItemGroup>
    <Filter Include="CppParser">
      <UniqueIdentifier>{4d3de155-8040-4943-b3a6-f917870735bd}</UniqueIdentifier>
    </Filter>
    <Filter Include="CppParser\Header Files">
      <UniqueIdentifier>{66280347-182f-4f0c-8422-843f3650b030}</UniqueIdentifier>
    </Filter>
    <Filter Include="CppParser\Source Files">
      <UniqueIdentifier>{f051333f-a7b6-4a59-9db5-face39ee5ee5}</UniqueIdentifier>
    </Filter>
    <Filter Include="_Suite">
      <UniqueIdentifier>{b52d81f0-b80b-4f00-b373-b2b437403adf}</UniqueIdentifier>
    </Filter>
    <Filter Include="_Suite\Header Files">
      <UniqueIdentifier>{27862a1f-9c7a-4ca9-9c76-dfa9eac15e7c}</UniqueIdentifier>
    </Filter>
    <Filter Include="_Suite\Source Files">
      <UniqueIdentifier>{622bb1dc-216b-4085-bb30-ea5217f88b13}</UniqueIdentifier>
    </Filter>
    <Filter Include="_Driver">
      <UniqueIdentifier>{190645db-7a95-4c48-b2f2-7cb3d57e8bfb}</UniqueIdentifier>
    </Filter>
    <Filter Include="_Driver\Source Files">
      <UniqueIdentifier>{2ac84bce-1af1-40c3-8c92-2f23827a7efc}</UniqueIdentifier>
    </Filter>
    <Filter Include="Attributes">
      <UniqueIdentifier>{416ce1fb-2df4-443e-a256-2073c9d310e4}</UniqueIdentifier>
    </Filter>
    <Filter Include="Attributes\Header Files">
      <UniqueIdentifier>{ee61edf3-938b-4a12-a4f3-805c941fa7aa}</UniqueIdentifier>
    </Filter>
    <Filter Include="Attributes\Source Files">
      <UniqueIdentifier>{ac70eda0-8112-4f99-930c-787a675a3242}</UniqueIdentifier>
    </Filter>
  </ItemGroup>
  <ItemGroup>
    <ClInclude Include="src\CppParserTest.h">
      <Filter>CppParser\Header Files</Filter>
    </ClInclude>
    <ClInclude Include="src\CppParserTestSuite.h">
      <Filter>_Suite\Header Files</Filter>
    </ClInclude>
    <ClInclude Include="src\AttributesParserTest.h">
      <Filter>Attributes\Header Files</Filter>
    </ClInclude>
    <ClInclude Include="src\AttributesTestSuite.h">
      <Filter>Attributes\Header Files</Filter>
    </ClInclude>
  </ItemGroup>
  <ItemGroup>
    <ClCompile Include="src\CppParserTest.cpp">
      <Filter>CppParser\Source Files</Filter>
    </ClCompile>
    <ClCompile Include="src\CppParserTestSuite.cpp">
      <Filter>_Suite\Source Files</Filter>
    </ClCompile>
    <ClCompile Include="src\WinDriver.cpp">
      <Filter>_Driver\Source Files</Filter>
    </ClCompile>
    <ClCompile Include="src\AttributesParserTest.cpp">
      <Filter>Attributes\Source Files</Filter>
    </ClCompile>
    <ClCompile Include="src\AttributesTestSuite.cpp">
      <Filter>Attributes\Source Files</Filter>
    </ClCompile>
  </ItemGroup>
</Project>