Microsoft Visual Studio Solution File, Format Version 11.00
# Visual Studio 2010
Project("{8BC9CEB8-8B4A-11D0-8D11-00A0C91BC942}") = "Net", "Net_vs100.vcxproj", "{B057A1FE-09F7-465E-B8B5-E1B659051D76}"
EndProject
Project("{8BC9CEB8-8B4A-11D0-8D11-00A0C91BC942}") = "TestSuite", "testsuite\TestSuite_vs100.vcxproj", "{D5EFBF27-B934-4B8D-8AE5-6EC00374819C}"
	ProjectSection(ProjectDependencies) = postProject
		{B057A1FE-09F7-465E-B8B5-E1B659051D76} = {B057A1FE-09F7-465E-B8B5-E1B659051D76}
	EndProjectSection
EndProject
Global
	GlobalSection(SolutionConfigurationPlatforms) = preSolution
		debug_shared|Win32 = debug_shared|Win32
		release_shared|Win32 = release_shared|Win32
		debug_static_mt|Win32 = debug_static_mt|Win32
		release_static_mt|Win32 = release_static_mt|Win32
		debug_static_md|Win32 = debug_static_md|Win32
		release_static_md|Win32 = release_static_md|Win32
	EndGlobalSection
	GlobalSection(ProjectConfigurationPlatforms) = postSolution
		{B057A1FE-09F7-465E-B8B5-E1B659051D76}.debug_shared|Win32.ActiveCfg = debug_shared|Win32
		{B057A1FE-09F7-465E-B8B5-E1B659051D76}.debug_shared|Win32.Build.0 = debug_shared|Win32
		{B057A1FE-09F7-465E-B8B5-E1B659051D76}.debug_shared|Win32.Deploy.0 = debug_shared|Win32
		{B057A1FE-09F7-465E-B8B5-E1B659051D76}.release_shared|Win32.ActiveCfg = release_shared|Win32
		{B057A1FE-09F7-465E-B8B5-E1B659051D76}.release_shared|Win32.Build.0 = release_shared|Win32
		{B057A1FE-09F7-465E-B8B5-E1B659051D76}.release_shared|Win32.Deploy.0 = release_shared|Win32
		{B057A1FE-09F7-465E-B8B5-E1B659051D76}.debug_static_mt|Win32.ActiveCfg = debug_static_mt|Win32
		{B057A1FE-09F7-465E-B8B5-E1B659051D76}.debug_static_mt|Win32.Build.0 = debug_static_mt|Win32
		{B057A1FE-09F7-465E-B8B5-E1B659051D76}.debug_static_mt|Win32.Deploy.0 = debug_static_mt|Win32
		{B057A1FE-09F7-465E-B8B5-E1B659051D76}.release_static_mt|Win32.ActiveCfg = release_static_mt|Win32
		{B057A1FE-09F7-465E-B8B5-E1B659051D76}.release_static_mt|Win32.Build.0 = release_static_mt|Win32
		{B057A1FE-09F7-465E-B8B5-E1B659051D76}.release_static_mt|Win32.Deploy.0 = release_static_mt|Win32
		{B057A1FE-09F7-465E-B8B5-E1B659051D76}.debug_static_md|Win32.ActiveCfg = debug_static_md|Win32
		{B057A1FE-09F7-465E-B8B5-E1B659051D76}.debug_static_md|Win32.Build.0 = debug_static_md|Win32
		{B057A1FE-09F7-465E-B8B5-E1B659051D76}.debug_static_md|Win32.Deploy.0 = debug_static_md|Win32
		{B057A1FE-09F7-465E-B8B5-E1B659051D76}.release_static_md|Win32.ActiveCfg = release_static_md|Win32
		{B057A1FE-09F7-465E-B8B5-E1B659051D76}.release_static_md|Win32.Build.0 = release_static_md|Win32
		{B057A1FE-09F7-465E-B8B5-E1B659051D76}.release_static_md|Win32.Deploy.0 = release_static_md|Win32
		{D5EFBF27-B934-4B8D-8AE5-6EC00374819C}.debug_shared|Win32.ActiveCfg = debug_shared|Win32
		{D5EFBF27-B934-4B8D-8AE5-6EC00374819C}.debug_shared|Win32.Build.0 = debug_shared|Win32
		{D5EFBF27-B934-4B8D-8AE5-6EC00374819C}.debug_shared|Win32.Deploy.0 = debug_shared|Win32
		{D5EFBF27-B934-4B8D-8AE5-6EC00374819C}.release_shared|Win32.ActiveCfg = release_shared|Win32
		{D5EFBF27-B934-4B8D-8AE5-6EC00374819C}.release_shared|Win32.Build.0 = release_shared|Win32
		{D5EFBF27-B934-4B8D-8AE5-6EC00374819C}.release_shared|Win32.Deploy.0 = release_shared|Win32
		{D5EFBF27-B934-4B8D-8AE5-6EC00374819C}.debug_static_mt|Win32.ActiveCfg = debug_static_mt|Win32
		{D5EFBF27-B934-4B8D-8AE5-6EC00374819C}.debug_static_mt|Win32.Build.0 = debug_static_mt|Win32
		{D5EFBF27-B934-4B8D-8AE5-6EC00374819C}.debug_static_mt|Win32.Deploy.0 = debug_static_mt|Win32
		{D5EFBF27-B934-4B8D-8AE5-6EC00374819C}.release_static_mt|Win32.ActiveCfg = release_static_mt|Win32
		{D5EFBF27-B934-4B8D-8AE5-6EC00374819C}.release_static_mt|Win32.Build.0 = release_static_mt|Win32
		{D5EFBF27-B934-4B8D-8AE5-6EC00374819C}.release_static_mt|Win32.Deploy.0 = release_static_mt|Win32
		{D5EFBF27-B934-4B8D-8AE5-6EC00374819C}.debug_static_md|Win32.ActiveCfg = debug_static_md|Win32
		{D5EFBF27-B934-4B8D-8AE5-6EC00374819C}.debug_static_md|Win32.Build.0 = debug_static_md|Win32
		{D5EFBF27-B934-4B8D-8AE5-6EC00374819C}.debug_static_md|Win32.Deploy.0 = debug_static_md|Win32
		{D5EFBF27-B934-4B8D-8AE5-6EC00374819C}.release_static_md|Win32.ActiveCfg = release_static_md|Win32
		{D5EFBF27-B934-4B8D-8AE5-6EC00374819C}.release_static_md|Win32.Build.0 = release_static_md|Win32
		{D5EFBF27-B934-4B8D-8AE5-6EC00374819C}.release_static_md|Win32.Deploy.0 = release_static_md|Win32
	EndGlobalSection
	GlobalSection(SolutionProperties) = preSolution
		HideSolutionNode = FALSE
	EndGlobalSection
EndGlobal
