<?xml version="1.0" encoding="utf-8"?>
<Project ToolsVersion="4.0" xmlns="http://schemas.microsoft.com/developer/msbuild/2003">
  <ItemGroup>
    <Filter Include="Zip">
      <UniqueIdentifier>{afaddbdf-ee31-403f-bb79-be3406de9df3}</UniqueIdentifier>
    </Filter>
    <Filter Include="Zip\Header Files">
      <UniqueIdentifier>{17c9a88e-c648-4700-b7ed-3b948775bf33}</UniqueIdentifier>
    </Filter>
    <Filter Include="Zip\Source Files">
      <UniqueIdentifier>{8d66516d-32ce-4471-8287-35391dc8a714}</UniqueIdentifier>
    </Filter>
    <Filter Include="_Suite">
      <UniqueIdentifier>{17b09285-6fbd-467e-9bd1-e8e1c806ef67}</UniqueIdentifier>
    </Filter>
    <Filter Include="_Suite\Header Files">
      <UniqueIdentifier>{e124271f-629a-4253-8fc7-24e1fd5fc143}</UniqueIdentifier>
    </Filter>
    <Filter Include="_Suite\Source Files">
      <UniqueIdentifier>{b7312646-f1df-4884-be43-11b0bfb3d794}</UniqueIdentifier>
    </Filter>
    <Filter Include="_Driver">
      <UniqueIdentifier>{d34f0ac6-4cc8-491e-a3dc-8c5ac079455e}</UniqueIdentifier>
    </Filter>
    <Filter Include="_Driver\Source Files">
      <UniqueIdentifier>{92848819-448e-4b71-a1a2-c06ebe08d6ca}</UniqueIdentifier>
    </Filter>
  </ItemGroup>
  <ItemGroup>
    <ClInclude Include="src\CompressTest.h">
      <Filter>Zip\Header Files</Filter>
    </ClInclude>
    <ClInclude Include="src\PartialStreamTest.h">
      <Filter>Zip\Header Files</Filter>
    </ClInclude>
    <ClInclude Include="src\ZipTest.h">
      <Filter>Zip\Header Files</Filter>
    </ClInclude>
    <ClInclude Include="src\ZipTestSuite.h">
      <Filter>_Suite\Header Files</Filter>
    </ClInclude>
  </ItemGroup>
  <ItemGroup>
    <ClCompile Include="src\CompressTest.cpp">
      <Filter>Zip\Source Files</Filter>
    </ClCompile>
    <ClCompile Include="src\PartialStreamTest.cpp">
      <Filter>Zip\Source Files</Filter>
    </ClCompile>
    <ClCompile Include="src\ZipTest.cpp">
      <Filter>Zip\Source Files</Filter>
    </ClCompile>
    <ClCompile Include="src\ZipTestSuite.cpp">
      <Filter>_Suite\Source Files</Filter>
    </ClCompile>
    <ClCompile Include="src\WinDriver.cpp">
      <Filter>_Driver\Source Files</Filter>
    </ClCompile>
  </ItemGroup>
</Project>