<?xml version="1.0" encoding="utf-8"?>
<Project ToolsVersion="4.0" xmlns="http://schemas.microsoft.com/developer/msbuild/2003">
  <ItemGroup>
    <Filter Include="Cipher">
      <UniqueIdentifier>{fc43eed3-a268-42e5-986e-04d9d03317f2}</UniqueIdentifier>
    </Filter>
    <Filter Include="Cipher\Header Files">
      <UniqueIdentifier>{ab05e30b-d824-4eca-8d39-1ecad8f4f56c}</UniqueIdentifier>
    </Filter>
    <Filter Include="Cipher\Source Files">
      <UniqueIdentifier>{c6e78241-3e10-4894-b004-d277476244d1}</UniqueIdentifier>
    </Filter>
    <Filter Include="RSA">
      <UniqueIdentifier>{7a587792-04f5-4cfd-b122-581b1c5ba77e}</UniqueIdentifier>
    </Filter>
    <Filter Include="RSA\Header Files">
      <UniqueIdentifier>{15bce024-66ee-43be-8796-112a556730b2}</UniqueIdentifier>
    </Filter>
    <Filter Include="RSA\Source Files">
      <UniqueIdentifier>{25f0a51d-1133-4286-9cf1-ebcbc0ad1515}</UniqueIdentifier>
    </Filter>
    <Filter Include="Certificate">
      <UniqueIdentifier>{f8c3c4ae-9818-4418-96c4-c982665297f7}</UniqueIdentifier>
    </Filter>
    <Filter Include="Certificate\Header Files">
      <UniqueIdentifier>{3c92e4a1-9a96-4d6f-a867-b0cc00285fae}</UniqueIdentifier>
    </Filter>
    <Filter Include="Certificate\Source Files">
      <UniqueIdentifier>{85390086-1ef9-4bf4-95ce-a8244e575324}</UniqueIdentifier>
    </Filter>
    <Filter Include="CryptoCore">
      <UniqueIdentifier>{eaf26d64-fa91-4945-bffc-d9c5630e6cc2}</UniqueIdentifier>
    </Filter>
    <Filter Include="CryptoCore\Header Files">
      <UniqueIdentifier>{057892e5-7386-4188-8a1e-0d5671502150}</UniqueIdentifier>
    </Filter>
    <Filter Include="CryptoCore\Source Files">
      <UniqueIdentifier>{b5e9e4e4-d70f-4834-9613-fa1ee0b48b83}</UniqueIdentifier>
    </Filter>
    <Filter Include="Digest">
      <UniqueIdentifier>{e2eab589-96f0-4cf8-81d0-915831327d7a}</UniqueIdentifier>
    </Filter>
    <Filter Include="Digest\Header Files">
      <UniqueIdentifier>{2b4f734c-5f66-41ea-b792-69f7683f5822}</UniqueIdentifier>
    </Filter>
    <Filter Include="Digest\Source Files">
      <UniqueIdentifier>{d0f3d72a-8ae5-4d16-966f-31d3499d77ce}</UniqueIdentifier>
    </Filter>
    <Filter Include="EC">
      <UniqueIdentifier>{605bc357-c2f1-43b3-a558-6d4a3816d238}</UniqueIdentifier>
    </Filter>
    <Filter Include="EC\Header Files">
      <UniqueIdentifier>{ad12e2b9-0279-4fd9-9f20-3eca68e58ccd}</UniqueIdentifier>
    </Filter>
    <Filter Include="EC\Source Files">
      <UniqueIdentifier>{eedd043d-bb56-441a-9dd5-6500660cdd82}</UniqueIdentifier>
    </Filter>
  </ItemGroup>
  <ItemGroup>
    <ClInclude Include="include\Poco\Crypto\Cipher.h">
      <Filter>Cipher\Header Files</Filter>
    </ClInclude>
    <ClInclude Include="include\Poco\Crypto\CipherFactory.h">
      <Filter>Cipher\Header Files</Filter>
    </ClInclude>
    <ClInclude Include="include\Poco\Crypto\CipherImpl.h">
      <Filter>Cipher\Header Files</Filter>
    </ClInclude>
    <ClInclude Include="include\Poco\Crypto\CipherKey.h">
      <Filter>Cipher\Header Files</Filter>
    </ClInclude>
    <ClInclude Include="include\Poco\Crypto\CipherKeyImpl.h">
      <Filter>Cipher\Header Files</Filter>
    </ClInclude>
    <ClInclude Include="include\Poco\Crypto\CryptoStream.h">
      <Filter>Cipher\Header Files</Filter>
    </ClInclude>
    <ClInclude Include="include\Poco\Crypto\CryptoTransform.h">
      <Filter>Cipher\Header Files</Filter>
    </ClInclude>
    <ClInclude Include="include\Poco\Crypto\RSACipherImpl.h">
      <Filter>RSA\Header Files</Filter>
    </ClInclude>
    <ClInclude Include="include\Poco\Crypto\RSADigestEngine.h">
      <Filter>RSA\Header Files</Filter>
    </ClInclude>
    <ClInclude Include="include\Poco\Crypto\RSAKey.h">
      <Filter>RSA\Header Files</Filter>
    </ClInclude>
    <ClInclude Include="include\Poco\Crypto\RSAKeyImpl.h">
      <Filter>RSA\Header Files</Filter>
    </ClInclude>
    <ClInclude Include="include\Poco\Crypto\PKCS12Container.h">
      <Filter>Certificate\Header Files</Filter>
    </ClInclude>
    <ClInclude Include="include\Poco\Crypto\X509Certificate.h">
      <Filter>Certificate\Header Files</Filter>
    </ClInclude>
    <ClInclude Include="include\Poco\Crypto\Crypto.h">
      <Filter>CryptoCore\Header Files</Filter>
    </ClInclude>
    <ClInclude Include="include\Poco\Crypto\CryptoException.h">
      <Filter>CryptoCore\Header Files</Filter>
    </ClInclude>
    <ClInclude Include="include\Poco\Crypto\EVPPKey.h">
      <Filter>CryptoCore\Header Files</Filter>
    </ClInclude>
    <ClInclude Include="include\Poco\Crypto\KeyPair.h">
      <Filter>CryptoCore\Header Files</Filter>
    </ClInclude>
    <ClInclude Include="include\Poco\Crypto\KeyPairImpl.h">
      <Filter>CryptoCore\Header Files</Filter>
    </ClInclude>
    <ClInclude Include="include\Poco\Crypto\OpenSSLInitializer.h">
      <Filter>CryptoCore\Header Files</Filter>
    </ClInclude>
    <ClInclude Include="include\Poco\Crypto\DigestEngine.h">
      <Filter>Digest\Header Files</Filter>
    </ClInclude>
    <ClInclude Include="include\Poco\Crypto\ECDSADigestEngine.h">
      <Filter>EC\Header Files</Filter>
    </ClInclude>
    <ClInclude Include="include\Poco\Crypto\ECKey.h">
      <Filter>EC\Header Files</Filter>
    </ClInclude>
    <ClInclude Include="include\Poco\Crypto\ECKeyImpl.h">
      <Filter>EC\Header Files</Filter>
    </ClInclude>
  </ItemGroup>
  <ItemGroup>
    <ClCompile Include="src\Cipher.cpp">
      <Filter>Cipher\Source Files</Filter>
    </ClCompile>
    <ClCompile Include="src\CipherFactory.cpp">
      <Filter>Cipher\Source Files</Filter>
    </ClCompile>
    <ClCompile Include="src\CipherImpl.cpp">
      <Filter>Cipher\Source Files</Filter>
    </ClCompile>
    <ClCompile Include="src\CipherKey.cpp">
      <Filter>Cipher\Source Files</Filter>
    </ClCompile>
    <ClCompile Include="src\CipherKeyImpl.cpp">
      <Filter>Cipher\Source Files</Filter>
    </ClCompile>
    <ClCompile Include="src\CryptoStream.cpp">
      <Filter>Cipher\Source Files</Filter>
    </ClCompile>
    <ClCompile Include="src\CryptoTransform.cpp">
      <Filter>Cipher\Source Files</Filter>
    </ClCompile>
    <ClCompile Include="src\RSACipherImpl.cpp">
      <Filter>RSA\Source Files</Filter>
    </ClCompile>
    <ClCompile Include="src\RSADigestEngine.cpp">
      <Filter>RSA\Source Files</Filter>
    </ClCompile>
    <ClCompile Include="src\RSAKey.cpp">
      <Filter>RSA\Source Files</Filter>
    </ClCompile>
    <ClCompile Include="src\RSAKeyImpl.cpp">
      <Filter>RSA\Source Files</Filter>
    </ClCompile>
    <ClCompile Include="src\PKCS12Container.cpp">
      <Filter>Certificate\Source Files</Filter>
    </ClCompile>
    <ClCompile Include="src\X509Certificate.cpp">
      <Filter>Certificate\Source Files</Filter>
    </ClCompile>
    <ClCompile Include="src\CryptoException.cpp">
      <Filter>CryptoCore\Source Files</Filter>
    </ClCompile>
    <ClCompile Include="src\EVPPKey.cpp">
      <Filter>CryptoCore\Source Files</Filter>
    </ClCompile>
    <ClCompile Include="src\KeyPair.cpp">
      <Filter>CryptoCore\Source Files</Filter>
    </ClCompile>
    <ClCompile Include="src\KeyPairImpl.cpp">
      <Filter>CryptoCore\Source Files</Filter>
    </ClCompile>
    <ClCompile Include="src\OpenSSLInitializer.cpp">
      <Filter>CryptoCore\Source Files</Filter>
    </ClCompile>
    <ClCompile Include="src\DigestEngine.cpp">
      <Filter>Digest\Source Files</Filter>
    </ClCompile>
    <ClCompile Include="src\ECDSADigestEngine.cpp">
      <Filter>EC\Source Files</Filter>
    </ClCompile>
    <ClCompile Include="src\ECKey.cpp">
      <Filter>EC\Source Files</Filter>
    </ClCompile>
    <ClCompile Include="src\ECKeyImpl.cpp">
      <Filter>EC\Source Files</Filter>
    </ClCompile>
  </ItemGroup>
  <ItemGroup>
    <ResourceCompile Include="..\DLLVersion.rc" />
  </ItemGroup>
</Project>