<?xml version="1.0" encoding="utf-8"?>
<Project ToolsVersion="4.0" xmlns="http://schemas.microsoft.com/developer/msbuild/2003">
  <ItemGroup>
    <Filter Include="MySQL">
      <UniqueIdentifier>{b01b66ca-fed7-4b3c-b65b-cc4203999c61}</UniqueIdentifier>
    </Filter>
    <Filter Include="MySQL\Header Files">
      <UniqueIdentifier>{abde92b3-43b2-4187-88c8-a4fd96c2545d}</UniqueIdentifier>
    </Filter>
    <Filter Include="MySQL\Source Files">
      <UniqueIdentifier>{db4a435b-99b1-4f01-9556-3ed70fdc6661}</UniqueIdentifier>
    </Filter>
    <Filter Include="_Suite">
      <UniqueIdentifier>{0c59727f-6bc6-4f82-827f-489ebb7ef892}</UniqueIdentifier>
    </Filter>
    <Filter Include="_Suite\Header Files">
      <UniqueIdentifier>{ed90654a-86e2-433c-8b9b-04a665a60cbb}</UniqueIdentifier>
    </Filter>
    <Filter Include="_Suite\Source Files">
      <UniqueIdentifier>{882fc30f-3972-4a1e-b049-479613adf862}</UniqueIdentifier>
    </Filter>
    <Filter Include="_Driver">
      <UniqueIdentifier>{3a53d127-1903-4b8e-a6a7-39b09a1fb64d}</UniqueIdentifier>
    </Filter>
    <Filter Include="_Driver\Source Files">
      <UniqueIdentifier>{679deade-48a9-4eb5-b4c0-28d4f30fe379}</UniqueIdentifier>
    </Filter>
  </ItemGroup>
  <ItemGroup>
    <ClInclude Include="src\MySQLTest.h">
      <Filter>MySQL\Header Files</Filter>
    </ClInclude>
    <ClInclude Include="src\SQLExecutor.h">
      <Filter>MySQL\Header Files</Filter>
    </ClInclude>
    <ClInclude Include="src\MySQLTestSuite.h">
      <Filter>_Suite\Header Files</Filter>
    </ClInclude>
  </ItemGroup>
  <ItemGroup>
    <ClCompile Include="src\MySQLTest.cpp">
      <Filter>MySQL\Source Files</Filter>
    </ClCompile>
    <ClCompile Include="src\SQLExecutor.cpp">
      <Filter>MySQL\Source Files</Filter>
    </ClCompile>
    <ClCompile Include="src\MySQLTestSuite.cpp">
      <Filter>_Suite\Source Files</Filter>
    </ClCompile>
    <ClCompile Include="src\Driver.cpp">
      <Filter>_Driver\Source Files</Filter>
    </ClCompile>
  </ItemGroup>
</Project>