<?xml version="1.0" encoding="utf-8"?>
<Project ToolsVersion="4.0" xmlns="http://schemas.microsoft.com/developer/msbuild/2003">
  <ItemGroup>
    <Filter Include="Application">
      <UniqueIdentifier>{47efc121-4227-4f41-8aef-d102c1105703}</UniqueIdentifier>
    </Filter>
    <Filter Include="Application\Header Files">
      <UniqueIdentifier>{9fbe3377-f8dc-4444-9add-240c6c809f63}</UniqueIdentifier>
    </Filter>
    <Filter Include="Application\Source Files">
      <UniqueIdentifier>{d2dda338-fa92-49a8-b2c8-979ceefb18f2}</UniqueIdentifier>
    </Filter>
    <Filter Include="_Suite">
      <UniqueIdentifier>{19cbab02-5d94-43f4-af38-80fc8df2fcf2}</UniqueIdentifier>
    </Filter>
    <Filter Include="_Suite\Header Files">
      <UniqueIdentifier>{ba6794f9-2b10-4b9d-8bba-baa2bd91eba0}</UniqueIdentifier>
    </Filter>
    <Filter Include="_Suite\Source Files">
      <UniqueIdentifier>{db538673-d2e7-4944-9fd9-ed8fb2f64bb8}</UniqueIdentifier>
    </Filter>
    <Filter Include="_Driver">
      <UniqueIdentifier>{5139ef9a-ed32-4898-9444-dd159ec5218f}</UniqueIdentifier>
    </Filter>
    <Filter Include="_Driver\Source Files">
      <UniqueIdentifier>{295fa4d7-8a30-41d4-8b8b-e01c55c9eadc}</UniqueIdentifier>
    </Filter>
    <Filter Include="Configuration">
      <UniqueIdentifier>{c61e3e4c-5a59-4c1f-b1f9-6130d02e5d68}</UniqueIdentifier>
    </Filter>
    <Filter Include="Configuration\Header Files">
      <UniqueIdentifier>{21254b21-9372-4070-a00c-738468836872}</UniqueIdentifier>
    </Filter>
    <Filter Include="Configuration\Source Files">
      <UniqueIdentifier>{3341ef2a-d922-4abd-8b32-0866cde699aa}</UniqueIdentifier>
    </Filter>
    <Filter Include="Options">
      <UniqueIdentifier>{bb9327a8-518f-4dfe-8f51-4eb7cf942458}</UniqueIdentifier>
    </Filter>
    <Filter Include="Options\Header Files">
      <UniqueIdentifier>{060d0e4a-e3ed-49a7-8eb5-864a9b01335d}</UniqueIdentifier>
    </Filter>
    <Filter Include="Options\Source Files">
      <UniqueIdentifier>{eb842556-e135-4b02-806f-9682d3b2959c}</UniqueIdentifier>
    </Filter>
    <Filter Include="Windows">
      <UniqueIdentifier>{1ef72049-57de-4dd0-8aa8-755a705fe15c}</UniqueIdentifier>
    </Filter>
    <Filter Include="Windows\Header Files">
      <UniqueIdentifier>{5f0b85e3-848e-411d-ad42-1b39dc5dfac4}</UniqueIdentifier>
    </Filter>
    <Filter Include="Windows\Source Files">
      <UniqueIdentifier>{2116b292-99c2-42d6-b833-35ec538b893c}</UniqueIdentifier>
    </Filter>
    <Filter Include="Timer">
      <UniqueIdentifier>{d4f5e6ce-e0d2-4fcb-bf79-7cf93056ce22}</UniqueIdentifier>
    </Filter>
    <Filter Include="Timer\Header Files">
      <UniqueIdentifier>{b7b09b8c-72c3-469d-abe7-29c8893e29e4}</UniqueIdentifier>
    </Filter>
    <Filter Include="Timer\Source Files">
      <UniqueIdentifier>{46242330-3e4c-4c2e-af94-805e2fccc3ec}</UniqueIdentifier>
    </Filter>
  </ItemGroup>
  <ItemGroup>
    <ClInclude Include="src\UtilTestSuite.h">
      <Filter>_Suite\Header Files</Filter>
    </ClInclude>
    <ClInclude Include="src\AbstractConfigurationTest.h">
      <Filter>Configuration\Header Files</Filter>
    </ClInclude>
    <ClInclude Include="src\ConfigurationMapperTest.h">
      <Filter>Configuration\Header Files</Filter>
    </ClInclude>
    <ClInclude Include="src\ConfigurationTestSuite.h">
      <Filter>Configuration\Header Files</Filter>
    </ClInclude>
    <ClInclude Include="src\ConfigurationViewTest.h">
      <Filter>Configuration\Header Files</Filter>
    </ClInclude>
    <ClInclude Include="src\FilesystemConfigurationTest.h">
      <Filter>Configuration\Header Files</Filter>
    </ClInclude>
    <ClInclude Include="src\IniFileConfigurationTest.h">
      <Filter>Configuration\Header Files</Filter>
    </ClInclude>
    <ClInclude Include="src\JSONConfigurationTest.h">
      <Filter>Configuration\Header Files</Filter>
    </ClInclude>
    <ClInclude Include="src\LayeredConfigurationTest.h">
      <Filter>Configuration\Header Files</Filter>
    </ClInclude>
    <ClInclude Include="src\LoggingConfiguratorTest.h">
      <Filter>Configuration\Header Files</Filter>
    </ClInclude>
    <ClInclude Include="src\MapConfigurationTest.h">
      <Filter>Configuration\Header Files</Filter>
    </ClInclude>
    <ClInclude Include="src\PropertyFileConfigurationTest.h">
      <Filter>Configuration\Header Files</Filter>
    </ClInclude>
    <ClInclude Include="src\SystemConfigurationTest.h">
      <Filter>Configuration\Header Files</Filter>
    </ClInclude>
    <ClInclude Include="src\XMLConfigurationTest.h">
      <Filter>Configuration\Header Files</Filter>
    </ClInclude>
    <ClInclude Include="src\HelpFormatterTest.h">
      <Filter>Options\Header Files</Filter>
    </ClInclude>
    <ClInclude Include="src\OptionProcessorTest.h">
      <Filter>Options\Header Files</Filter>
    </ClInclude>
    <ClInclude Include="src\OptionSetTest.h">
      <Filter>Options\Header Files</Filter>
    </ClInclude>
    <ClInclude Include="src\OptionsTestSuite.h">
      <Filter>Options\Header Files</Filter>
    </ClInclude>
    <ClInclude Include="src\OptionTest.h">
      <Filter>Options\Header Files</Filter>
    </ClInclude>
    <ClInclude Include="src\ValidatorTest.h">
      <Filter>Options\Header Files</Filter>
    </ClInclude>
    <ClInclude Include="src\WinConfigurationTest.h">
      <Filter>Windows\Header Files</Filter>
    </ClInclude>
    <ClInclude Include="src\WindowsTestSuite.h">
      <Filter>Windows\Header Files</Filter>
    </ClInclude>
    <ClInclude Include="src\WinRegistryTest.h">
      <Filter>Windows\Header Files</Filter>
    </ClInclude>
    <ClInclude Include="src\TimerTest.h">
      <Filter>Timer\Header Files</Filter>
    </ClInclude>
    <ClInclude Include="src\TimerTestSuite.h">
      <Filter>Timer\Header Files</Filter>
    </ClInclude>
  </ItemGroup>
  <ItemGroup>
    <ClCompile Include="src\UtilTestSuite.cpp">
      <Filter>_Suite\Source Files</Filter>
    </ClCompile>
    <ClCompile Include="src\Driver.cpp">
      <Filter>_Driver\Source Files</Filter>
    </ClCompile>
    <ClCompile Include="src\AbstractConfigurationTest.cpp">
      <Filter>Configuration\Source Files</Filter>
    </ClCompile>
    <ClCompile Include="src\ConfigurationMapperTest.cpp">
      <Filter>Configuration\Source Files</Filter>
    </ClCompile>
    <ClCompile Include="src\ConfigurationTestSuite.cpp">
      <Filter>Configuration\Source Files</Filter>
    </ClCompile>
    <ClCompile Include="src\ConfigurationViewTest.cpp">
      <Filter>Configuration\Source Files</Filter>
    </ClCompile>
    <ClCompile Include="src\FilesystemConfigurationTest.cpp">
      <Filter>Configuration\Source Files</Filter>
    </ClCompile>
    <ClCompile Include="src\IniFileConfigurationTest.cpp">
      <Filter>Configuration\Source Files</Filter>
    </ClCompile>
    <ClCompile Include="src\JSONConfigurationTest.cpp">
      <Filter>Configuration\Source Files</Filter>
    </ClCompile>
    <ClCompile Include="src\LayeredConfigurationTest.cpp">
      <Filter>Configuration\Source Files</Filter>
    </ClCompile>
    <ClCompile Include="src\LoggingConfiguratorTest.cpp">
      <Filter>Configuration\Source Files</Filter>
    </ClCompile>
    <ClCompile Include="src\MapConfigurationTest.cpp">
      <Filter>Configuration\Source Files</Filter>
    </ClCompile>
    <ClCompile Include="src\PropertyFileConfigurationTest.cpp">
      <Filter>Configuration\Source Files</Filter>
    </ClCompile>
    <ClCompile Include="src\SystemConfigurationTest.cpp">
      <Filter>Configuration\Source Files</Filter>
    </ClCompile>
    <ClCompile Include="src\XMLConfigurationTest.cpp">
      <Filter>Configuration\Source Files</Filter>
    </ClCompile>
    <ClCompile Include="src\HelpFormatterTest.cpp">
      <Filter>Options\Source Files</Filter>
    </ClCompile>
    <ClCompile Include="src\OptionProcessorTest.cpp">
      <Filter>Options\Source Files</Filter>
    </ClCompile>
    <ClCompile Include="src\OptionSetTest.cpp">
      <Filter>Options\Source Files</Filter>
    </ClCompile>
    <ClCompile Include="src\OptionsTestSuite.cpp">
      <Filter>Options\Source Files</Filter>
    </ClCompile>
    <ClCompile Include="src\OptionTest.cpp">
      <Filter>Options\Source Files</Filter>
    </ClCompile>
    <ClCompile Include="src\ValidatorTest.cpp">
      <Filter>Options\Source Files</Filter>
    </ClCompile>
    <ClCompile Include="src\WinConfigurationTest.cpp">
      <Filter>Windows\Source Files</Filter>
    </ClCompile>
    <ClCompile Include="src\WindowsTestSuite.cpp">
      <Filter>Windows\Source Files</Filter>
    </ClCompile>
    <ClCompile Include="src\WinRegistryTest.cpp">
      <Filter>Windows\Source Files</Filter>
    </ClCompile>
    <ClCompile Include="src\TimerTest.cpp">
      <Filter>Timer\Source Files</Filter>
    </ClCompile>
    <ClCompile Include="src\TimerTestSuite.cpp">
      <Filter>Timer\Source Files</Filter>
    </ClCompile>
  </ItemGroup>
</Project>