<?xml version="1.0" encoding="utf-8"?>
<Project ToolsVersion="4.0" xmlns="http://schemas.microsoft.com/developer/msbuild/2003">
  <ItemGroup>
    <Filter Include="Application">
      <UniqueIdentifier>{92f51cc0-afc0-4019-86d5-da73aec3a35d}</UniqueIdentifier>
    </Filter>
    <Filter Include="Application\Header Files">
      <UniqueIdentifier>{c2e66162-345b-4ca5-962b-102343f9b79c}</UniqueIdentifier>
    </Filter>
    <Filter Include="Application\Source Files">
      <UniqueIdentifier>{bc677894-5ba9-4e65-ac14-26b123c3354f}</UniqueIdentifier>
    </Filter>
    <Filter Include="_Suite">
      <UniqueIdentifier>{614ba664-5a80-4a60-be38-568e920c8dd5}</UniqueIdentifier>
    </Filter>
    <Filter Include="_Suite\Header Files">
      <UniqueIdentifier>{3b1df724-99d9-4e5f-b076-9ccef0951294}</UniqueIdentifier>
    </Filter>
    <Filter Include="_Suite\Source Files">
      <UniqueIdentifier>{bdf3c25d-3959-4eb6-acd5-79e6e142810d}</UniqueIdentifier>
    </Filter>
    <Filter Include="_Driver">
      <UniqueIdentifier>{2d0ad93b-1f23-4326-866e-fdaa254c4de5}</UniqueIdentifier>
    </Filter>
    <Filter Include="_Driver\Source Files">
      <UniqueIdentifier>{7aca182e-3703-4256-887d-c6a6e7d8cf11}</UniqueIdentifier>
    </Filter>
    <Filter Include="Configuration">
      <UniqueIdentifier>{692c7bf1-ec78-4bea-aaba-31fcce2b80e2}</UniqueIdentifier>
    </Filter>
    <Filter Include="Configuration\Header Files">
      <UniqueIdentifier>{6a5f127a-e4b0-4505-a1bd-aa5c5adf4f37}</UniqueIdentifier>
    </Filter>
    <Filter Include="Configuration\Source Files">
      <UniqueIdentifier>{79c58fae-e7f9-4173-9c6e-372385ed4e2c}</UniqueIdentifier>
    </Filter>
    <Filter Include="Options">
      <UniqueIdentifier>{b63428f6-23bd-4474-bdcc-d0fee5590224}</UniqueIdentifier>
    </Filter>
    <Filter Include="Options\Header Files">
      <UniqueIdentifier>{8998db15-2bbc-4e9b-bfcf-f38645bc64b3}</UniqueIdentifier>
    </Filter>
    <Filter Include="Options\Source Files">
      <UniqueIdentifier>{a9f39eb3-7f53-41b1-9407-f1aae9813148}</UniqueIdentifier>
    </Filter>
    <Filter Include="Windows">
      <UniqueIdentifier>{1db8a998-5fc3-4bc5-a2b1-77b4a2f59836}</UniqueIdentifier>
    </Filter>
    <Filter Include="Windows\Header Files">
      <UniqueIdentifier>{4e1784d8-7030-483d-abb0-77964e3767aa}</UniqueIdentifier>
    </Filter>
    <Filter Include="Windows\Source Files">
      <UniqueIdentifier>{d46540ce-5e7b-441b-979b-61a992675946}</UniqueIdentifier>
    </Filter>
    <Filter Include="Timer">
      <UniqueIdentifier>{152e1db1-53b0-406c-aeff-7e14780b1cdd}</UniqueIdentifier>
    </Filter>
    <Filter Include="Timer\Header Files">
      <UniqueIdentifier>{9f391800-0811-4d68-a189-14971292697f}</UniqueIdentifier>
    </Filter>
    <Filter Include="Timer\Source Files">
      <UniqueIdentifier>{b7880db9-fedf-4abe-9705-d09451d6ca61}</UniqueIdentifier>
    </Filter>
  </ItemGroup>
  <ItemGroup>
    <ClInclude Include="src\UtilTestSuite.h">
      <Filter>_Suite\Header Files</Filter>
    </ClInclude>
    <ClInclude Include="src\AbstractConfigurationTest.h">
      <Filter>Configuration\Header Files</Filter>
    </ClInclude>
    <ClInclude Include="src\ConfigurationMapperTest.h">
      <Filter>Configuration\Header Files</Filter>
    </ClInclude>
    <ClInclude Include="src\ConfigurationTestSuite.h">
      <Filter>Configuration\Header Files</Filter>
    </ClInclude>
    <ClInclude Include="src\ConfigurationViewTest.h">
      <Filter>Configuration\Header Files</Filter>
    </ClInclude>
    <ClInclude Include="src\FilesystemConfigurationTest.h">
      <Filter>Configuration\Header Files</Filter>
    </ClInclude>
    <ClInclude Include="src\IniFileConfigurationTest.h">
      <Filter>Configuration\Header Files</Filter>
    </ClInclude>
    <ClInclude Include="src\JSONConfigurationTest.h">
      <Filter>Configuration\Header Files</Filter>
    </ClInclude>
    <ClInclude Include="src\LayeredConfigurationTest.h">
      <Filter>Configuration\Header Files</Filter>
    </ClInclude>
    <ClInclude Include="src\LoggingConfiguratorTest.h">
      <Filter>Configuration\Header Files</Filter>
    </ClInclude>
    <ClInclude Include="src\MapConfigurationTest.h">
      <Filter>Configuration\Header Files</Filter>
    </ClInclude>
    <ClInclude Include="src\PropertyFileConfigurationTest.h">
      <Filter>Configuration\Header Files</Filter>
    </ClInclude>
    <ClInclude Include="src\SystemConfigurationTest.h">
      <Filter>Configuration\Header Files</Filter>
    </ClInclude>
    <ClInclude Include="src\XMLConfigurationTest.h">
      <Filter>Configuration\Header Files</Filter>
    </ClInclude>
    <ClInclude Include="src\HelpFormatterTest.h">
      <Filter>Options\Header Files</Filter>
    </ClInclude>
    <ClInclude Include="src\OptionProcessorTest.h">
      <Filter>Options\Header Files</Filter>
    </ClInclude>
    <ClInclude Include="src\OptionSetTest.h">
      <Filter>Options\Header Files</Filter>
    </ClInclude>
    <ClInclude Include="src\OptionsTestSuite.h">
      <Filter>Options\Header Files</Filter>
    </ClInclude>
    <ClInclude Include="src\OptionTest.h">
      <Filter>Options\Header Files</Filter>
    </ClInclude>
    <ClInclude Include="src\ValidatorTest.h">
      <Filter>Options\Header Files</Filter>
    </ClInclude>
    <ClInclude Include="src\WinConfigurationTest.h">
      <Filter>Windows\Header Files</Filter>
    </ClInclude>
    <ClInclude Include="src\WindowsTestSuite.h">
      <Filter>Windows\Header Files</Filter>
    </ClInclude>
    <ClInclude Include="src\WinRegistryTest.h">
      <Filter>Windows\Header Files</Filter>
    </ClInclude>
    <ClInclude Include="src\TimerTest.h">
      <Filter>Timer\Header Files</Filter>
    </ClInclude>
    <ClInclude Include="src\TimerTestSuite.h">
      <Filter>Timer\Header Files</Filter>
    </ClInclude>
  </ItemGroup>
  <ItemGroup>
    <ClCompile Include="src\UtilTestSuite.cpp">
      <Filter>_Suite\Source Files</Filter>
    </ClCompile>
    <ClCompile Include="src\Driver.cpp">
      <Filter>_Driver\Source Files</Filter>
    </ClCompile>
    <ClCompile Include="src\AbstractConfigurationTest.cpp">
      <Filter>Configuration\Source Files</Filter>
    </ClCompile>
    <ClCompile Include="src\ConfigurationMapperTest.cpp">
      <Filter>Configuration\Source Files</Filter>
    </ClCompile>
    <ClCompile Include="src\ConfigurationTestSuite.cpp">
      <Filter>Configuration\Source Files</Filter>
    </ClCompile>
    <ClCompile Include="src\ConfigurationViewTest.cpp">
      <Filter>Configuration\Source Files</Filter>
    </ClCompile>
    <ClCompile Include="src\FilesystemConfigurationTest.cpp">
      <Filter>Configuration\Source Files</Filter>
    </ClCompile>
    <ClCompile Include="src\IniFileConfigurationTest.cpp">
      <Filter>Configuration\Source Files</Filter>
    </ClCompile>
    <ClCompile Include="src\JSONConfigurationTest.cpp">
      <Filter>Configuration\Source Files</Filter>
    </ClCompile>
    <ClCompile Include="src\LayeredConfigurationTest.cpp">
      <Filter>Configuration\Source Files</Filter>
    </ClCompile>
    <ClCompile Include="src\LoggingConfiguratorTest.cpp">
      <Filter>Configuration\Source Files</Filter>
    </ClCompile>
    <ClCompile Include="src\MapConfigurationTest.cpp">
      <Filter>Configuration\Source Files</Filter>
    </ClCompile>
    <ClCompile Include="src\PropertyFileConfigurationTest.cpp">
      <Filter>Configuration\Source Files</Filter>
    </ClCompile>
    <ClCompile Include="src\SystemConfigurationTest.cpp">
      <Filter>Configuration\Source Files</Filter>
    </ClCompile>
    <ClCompile Include="src\XMLConfigurationTest.cpp">
      <Filter>Configuration\Source Files</Filter>
    </ClCompile>
    <ClCompile Include="src\HelpFormatterTest.cpp">
      <Filter>Options\Source Files</Filter>
    </ClCompile>
    <ClCompile Include="src\OptionProcessorTest.cpp">
      <Filter>Options\Source Files</Filter>
    </ClCompile>
    <ClCompile Include="src\OptionSetTest.cpp">
      <Filter>Options\Source Files</Filter>
    </ClCompile>
    <ClCompile Include="src\OptionsTestSuite.cpp">
      <Filter>Options\Source Files</Filter>
    </ClCompile>
    <ClCompile Include="src\OptionTest.cpp">
      <Filter>Options\Source Files</Filter>
    </ClCompile>
    <ClCompile Include="src\ValidatorTest.cpp">
      <Filter>Options\Source Files</Filter>
    </ClCompile>
    <ClCompile Include="src\WinConfigurationTest.cpp">
      <Filter>Windows\Source Files</Filter>
    </ClCompile>
    <ClCompile Include="src\WindowsTestSuite.cpp">
      <Filter>Windows\Source Files</Filter>
    </ClCompile>
    <ClCompile Include="src\WinRegistryTest.cpp">
      <Filter>Windows\Source Files</Filter>
    </ClCompile>
    <ClCompile Include="src\TimerTest.cpp">
      <Filter>Timer\Source Files</Filter>
    </ClCompile>
    <ClCompile Include="src\TimerTestSuite.cpp">
      <Filter>Timer\Source Files</Filter>
    </ClCompile>
  </ItemGroup>
</Project>