Microsoft Visual Studio Solution File, Format Version 14.00
# Visual Studio 2015
Project("{8BC9CEB8-8B4A-11D0-8D11-00A0C91BC942}") = "SQLToMongo", "SQLToMongo\SQLToMongo_x64_vs140.vcxproj", "{638D0833-8E84-3A67-BD00-4611F99E65AF}"
EndProject
Global
	GlobalSection(SolutionConfigurationPlatforms) = preSolution
		debug_shared|x64 = debug_shared|x64
		release_shared|x64 = release_shared|x64
		debug_static_mt|x64 = debug_static_mt|x64
		release_static_mt|x64 = release_static_mt|x64
		debug_static_md|x64 = debug_static_md|x64
		release_static_md|x64 = release_static_md|x64
	EndGlobalSection
	GlobalSection(ProjectConfigurationPlatforms) = postSolution
		{638D0833-8E84-3A67-BD00-4611F99E65AF}.debug_shared|x64.ActiveCfg = debug_shared|x64
		{638D0833-8E84-3A67-BD00-4611F99E65AF}.debug_shared|x64.Build.0 = debug_shared|x64
		{638D0833-8E84-3A67-BD00-4611F99E65AF}.debug_shared|x64.Deploy.0 = debug_shared|x64
		{638D0833-8E84-3A67-BD00-4611F99E65AF}.release_shared|x64.ActiveCfg = release_shared|x64
		{638D0833-8E84-3A67-BD00-4611F99E65AF}.release_shared|x64.Build.0 = release_shared|x64
		{638D0833-8E84-3A67-BD00-4611F99E65AF}.release_shared|x64.Deploy.0 = release_shared|x64
		{638D0833-8E84-3A67-BD00-4611F99E65AF}.debug_static_mt|x64.ActiveCfg = debug_static_mt|x64
		{638D0833-8E84-3A67-BD00-4611F99E65AF}.debug_static_mt|x64.Build.0 = debug_static_mt|x64
		{638D0833-8E84-3A67-BD00-4611F99E65AF}.debug_static_mt|x64.Deploy.0 = debug_static_mt|x64
		{638D0833-8E84-3A67-BD00-4611F99E65AF}.release_static_mt|x64.ActiveCfg = release_static_mt|x64
		{638D0833-8E84-3A67-BD00-4611F99E65AF}.release_static_mt|x64.Build.0 = release_static_mt|x64
		{638D0833-8E84-3A67-BD00-4611F99E65AF}.release_static_mt|x64.Deploy.0 = release_static_mt|x64
		{638D0833-8E84-3A67-BD00-4611F99E65AF}.debug_static_md|x64.ActiveCfg = debug_static_md|x64
		{638D0833-8E84-3A67-BD00-4611F99E65AF}.debug_static_md|x64.Build.0 = debug_static_md|x64
		{638D0833-8E84-3A67-BD00-4611F99E65AF}.debug_static_md|x64.Deploy.0 = debug_static_md|x64
		{638D0833-8E84-3A67-BD00-4611F99E65AF}.release_static_md|x64.ActiveCfg = release_static_md|x64
		{638D0833-8E84-3A67-BD00-4611F99E65AF}.release_static_md|x64.Build.0 = release_static_md|x64
		{638D0833-8E84-3A67-BD00-4611F99E65AF}.release_static_md|x64.Deploy.0 = release_static_md|x64
	EndGlobalSection
	GlobalSection(SolutionProperties) = preSolution
		HideSolutionNode = FALSE
	EndGlobalSection
EndGlobal
